PODS:
  - Alamofire (4.7.3)
  - BigInt (3.1.0):
    - SipHash (~> 1.2)
  - KeychainAccess (3.1.2)
  - MarqueeLabel/Swift (3.2.0)
  - MBProgressHUD (1.1.0)
  - NotificationBannerSwift (1.7.3):
    - MarqueeLabel/Swift (~> 3.2.0)
    - SnapKit (~> 4.0.1)
  - OmiseGO/Admin (1.1.0-beta2):
    - OmiseGO/Core
  - OmiseGO/Core (1.1.0-beta2):
    - BigInt (~> 3.1)
    - Starscream (~> 3.0)
  - SipHash (1.2.2)
  - SkyFloatingLabelTextField (3.6.0)
  - SnapKit (4.0.1)
  - Starscream (3.0.6)
  - Toaster (2.1.1)
  - TPKeyboardAvoiding (1.3.2)

DEPENDENCIES:
  - Alamofire
  - BigInt
  - KeychainAccess
  - MBProgressHUD
  - NotificationBannerSwift
  - OmiseGO/Admin (= 1.1.0-beta2)
  - SkyFloatingLabelTextField
  - Toaster
  - TPKeyboardAvoiding

SPEC REPOS:
  https://github.com/cocoapods/specs.git:
    - Alamofire
    - BigInt
    - KeychainAccess
    - MarqueeLabel
    - MBProgressHUD
    - NotificationBannerSwift
    - OmiseGO
    - SipHash
    - SkyFloatingLabelTextField
    - SnapKit
    - Starscream
    - Toaster
    - TPKeyboardAvoiding

SPEC CHECKSUMS:
  Alamofire: c7287b6e5d7da964a70935e5db17046b7fde6568
  BigInt: 76b5dfdfa3e2e478d4ffdf161aeede5502e2742f
  KeychainAccess: b3816fddcf28aa29d94b10ec305cd52be14c472b
  MarqueeLabel: 440a502b91a9179bd98f9fff00ba1150650a1c0e
  MBProgressHUD: e7baa36a220447d8aeb12769bf0585582f3866d9
  NotificationBannerSwift: c9f4bc868d78df975ed59c0b2fccdbbe0e863efe
  OmiseGO: 1548d22049d99e650cba3dd3843d9ebf2af53d36
  SipHash: fad90a4683e420c52ef28063063dbbce248ea6d4
  SkyFloatingLabelTextField: 38164979b79512f9ff9288ad8acfc4bbf5d843e3
  SnapKit: 0de968a9fec17499afa29683b05d0c775b6d1c29
  Starscream: ef3ece99d765eeccb67de105bfa143f929026cf5
  Toaster: a6c9532de1ded8105e77376f7dffeb2e12b46dbb
  TPKeyboardAvoiding: cb69d5ddbe90ce0170e4bc2db1e5e41d4a3ad9a4

PODFILE CHECKSUM: ddc50b323fa74d7bdb94ce03f38ce05f5e0beaac

COCOAPODS: 1.5.3
