// !$*UTF8*$!
{
	archiveVersion = 1;
	classes = {
	};
	objectVersion = 50;
	objects = {

/* Begin PBXBuildFile section */
		030D5F4621379CEC00EB5B6A /* MainTabBarViewModel.swift in Sources */ = {isa = PBXBuildFile; fileRef = 030D5F4521379CEC00EB5B6A /* MainTabBarViewModel.swift */; };
		0320EB67213F8C15001E711F /* ProfileTableViewModelTests.swift in Sources */ = {isa = PBXBuildFile; fileRef = 0320EB66213F8C15001E711F /* ProfileTableViewModelTests.swift */; };
		0320EB69213F9167001E711F /* MainTabBarViewModelTests.swift in Sources */ = {isa = PBXBuildFile; fileRef = 0320EB68213F9167001E711F /* MainTabBarViewModelTests.swift */; };
		0326EF652138F0030062DBE3 /* Fixtures in Resources */ = {isa = PBXBuildFile; fileRef = 0326EF642138F0030062DBE3 /* Fixtures */; };
		0326EF672138F0BC0062DBE3 /* LoadingViewModelTests.swift in Sources */ = {isa = PBXBuildFile; fileRef = 0326EF662138F0BC0062DBE3 /* LoadingViewModelTests.swift */; };
		0326EF692138F0E80062DBE3 /* TestSessionManager.swift in Sources */ = {isa = PBXBuildFile; fileRef = 0326EF682138F0E80062DBE3 /* TestSessionManager.swift */; };
		0326EF6B2138F6CB0062DBE3 /* StubGenerator.swift in Sources */ = {isa = PBXBuildFile; fileRef = 0326EF6A2138F6CB0062DBE3 /* StubGenerator.swift */; };
		032F7A6E212A371000AAC753 /* BalanceCellViewModel.swift in Sources */ = {isa = PBXBuildFile; fileRef = 032F7A6D212A371000AAC753 /* BalanceCellViewModel.swift */; };
		032F7A70212A441E00AAC753 /* OmiseGOWrapper.swift in Sources */ = {isa = PBXBuildFile; fileRef = 032F7A6F212A441E00AAC753 /* OmiseGOWrapper.swift */; };
		032F7A72212A474C00AAC753 /* Storyboard.swift in Sources */ = {isa = PBXBuildFile; fileRef = 032F7A71212A474C00AAC753 /* Storyboard.swift */; };
		032F7A74212A476400AAC753 /* Closure.swift in Sources */ = {isa = PBXBuildFile; fileRef = 032F7A73212A476400AAC753 /* Closure.swift */; };
		032F7A76212A478200AAC753 /* AppState.swift in Sources */ = {isa = PBXBuildFile; fileRef = 032F7A75212A478200AAC753 /* AppState.swift */; };
		032F7A78212A5A6300AAC753 /* BalanceDetailViewController.swift in Sources */ = {isa = PBXBuildFile; fileRef = 032F7A77212A5A6300AAC753 /* BalanceDetailViewController.swift */; };
		032F7A7A212A5A7200AAC753 /* BalanceDetailViewModel.swift in Sources */ = {isa = PBXBuildFile; fileRef = 032F7A79212A5A7200AAC753 /* BalanceDetailViewModel.swift */; };
		033A63A62123E02800A2D08B /* AppDelegate.swift in Sources */ = {isa = PBXBuildFile; fileRef = 033A63A52123E02800A2D08B /* AppDelegate.swift */; };
		033A63CB2123E2CB00A2D08B /* Assets.xcassets in Resources */ = {isa = PBXBuildFile; fileRef = 033A63C92123E2CB00A2D08B /* Assets.xcassets */; };
		0371EA61213D241700BBF92C /* LoginViewModelTests.swift in Sources */ = {isa = PBXBuildFile; fileRef = 0371EA60213D241700BBF92C /* LoginViewModelTests.swift */; };
		0372E3B7213E31590058D0A6 /* BalanceListViewModelTests.swift in Sources */ = {isa = PBXBuildFile; fileRef = 0372E3B6213E31590058D0A6 /* BalanceListViewModelTests.swift */; };
		0372E3B9213E41970058D0A6 /* BalanceDetailViewModelTests.swift in Sources */ = {isa = PBXBuildFile; fileRef = 0372E3B8213E41970058D0A6 /* BalanceDetailViewModelTests.swift */; };
		0380AAD7212BF4F8006B2193 /* Observable.swift in Sources */ = {isa = PBXBuildFile; fileRef = 0380AAD6212BF4F8006B2193 /* Observable.swift */; };
		0380AAD9212C12AF006B2193 /* BalanceNavigationViewController.swift in Sources */ = {isa = PBXBuildFile; fileRef = 0380AAD8212C12AF006B2193 /* BalanceNavigationViewController.swift */; };
		0380AADB212C1303006B2193 /* BalanceNavigationViewModel.swift in Sources */ = {isa = PBXBuildFile; fileRef = 0380AADA212C1303006B2193 /* BalanceNavigationViewModel.swift */; };
		0380AADD212C2013006B2193 /* AppEvent.swift in Sources */ = {isa = PBXBuildFile; fileRef = 0380AADC212C2013006B2193 /* AppEvent.swift */; };
		0380AADF212C2347006B2193 /* Publisher.swift in Sources */ = {isa = PBXBuildFile; fileRef = 0380AADE212C2347006B2193 /* Publisher.swift */; };
		0380AAE3212D11DA006B2193 /* QRViewController.swift in Sources */ = {isa = PBXBuildFile; fileRef = 0380AAE2212D11DA006B2193 /* QRViewController.swift */; };
		0380AAE5212D11E5006B2193 /* QRViewModel.swift in Sources */ = {isa = PBXBuildFile; fileRef = 0380AAE4212D11E5006B2193 /* QRViewModel.swift */; };
		0380AAE7212D13C3006B2193 /* QRGenerator.swift in Sources */ = {isa = PBXBuildFile; fileRef = 0380AAE6212D13C3006B2193 /* QRGenerator.swift */; };
		0380AAEF212D54EF006B2193 /* SignupViewController.swift in Sources */ = {isa = PBXBuildFile; fileRef = 0380AAEE212D54EF006B2193 /* SignupViewController.swift */; };
		0380AAF1212D54FB006B2193 /* SignupViewModel.swift in Sources */ = {isa = PBXBuildFile; fileRef = 0380AAF0212D54FB006B2193 /* SignupViewModel.swift */; };
		0381C2072137D1E200F813E3 /* LoadingView.xib in Resources */ = {isa = PBXBuildFile; fileRef = 0381C2062137D1E200F813E3 /* LoadingView.xib */; };
		0381C2092137D21100F813E3 /* LoadingView.swift in Sources */ = {isa = PBXBuildFile; fileRef = 0381C2082137D21100F813E3 /* LoadingView.swift */; };
		0381C20B2137DEE200F813E3 /* MBProgressHUDBuilder.swift in Sources */ = {isa = PBXBuildFile; fileRef = 0381C20A2137DEE200F813E3 /* MBProgressHUDBuilder.swift */; };
		03885C132133ADDB00E78F69 /* Biometric.swift in Sources */ = {isa = PBXBuildFile; fileRef = 03885C122133ADDB00E78F69 /* Biometric.swift */; };
		03885C152133B68500E78F69 /* TouchIDConfirmationViewController.swift in Sources */ = {isa = PBXBuildFile; fileRef = 03885C142133B68500E78F69 /* TouchIDConfirmationViewController.swift */; };
		03885C172133B69300E78F69 /* TouchIDConfirmationViewModel.swift in Sources */ = {isa = PBXBuildFile; fileRef = 03885C162133B69300E78F69 /* TouchIDConfirmationViewModel.swift */; };
		03A0C00A21350FFD00E31833 /* KeychainWrapper.swift in Sources */ = {isa = PBXBuildFile; fileRef = 03A0C00921350FFD00E31833 /* KeychainWrapper.swift */; };
		03A0C00C2135173B00E31833 /* UserDefaultsWrapper.swift in Sources */ = {isa = PBXBuildFile; fileRef = 03A0C00B2135173B00E31833 /* UserDefaultsWrapper.swift */; };
		03C2A65521269A9D00267E7F /* BaseViewModel.swift in Sources */ = {isa = PBXBuildFile; fileRef = 03C2A65321269A9D00267E7F /* BaseViewModel.swift */; };
		03C2A65621269A9D00267E7F /* LoginViewModel.swift in Sources */ = {isa = PBXBuildFile; fileRef = 03C2A65421269A9D00267E7F /* LoginViewModel.swift */; };
		03C2A65921269AA500267E7F /* BaseViewController.swift in Sources */ = {isa = PBXBuildFile; fileRef = 03C2A65721269AA500267E7F /* BaseViewController.swift */; };
		03C2A65A21269AA500267E7F /* LoginViewController.swift in Sources */ = {isa = PBXBuildFile; fileRef = 03C2A65821269AA500267E7F /* LoginViewController.swift */; };
		03C2A65F21269C2300267E7F /* CustomView.swift in Sources */ = {isa = PBXBuildFile; fileRef = 03C2A65C21269C2300267E7F /* CustomView.swift */; };
		03C2A66021269C2300267E7F /* Extension.swift in Sources */ = {isa = PBXBuildFile; fileRef = 03C2A65D21269C2300267E7F /* Extension.swift */; };
		03C2A66121269C2300267E7F /* Theme.swift in Sources */ = {isa = PBXBuildFile; fileRef = 03C2A65E21269C2300267E7F /* Theme.swift */; };
		03C2A66321269CDF00267E7F /* Constant.swift in Sources */ = {isa = PBXBuildFile; fileRef = 03C2A66221269CDF00267E7F /* Constant.swift */; };
		03C2A6692126A12E00267E7F /* POSClientError.swift in Sources */ = {isa = PBXBuildFile; fileRef = 03C2A6682126A12E00267E7F /* POSClientError.swift */; };
		03C2A66C2126A25100267E7F /* SessionManager.swift in Sources */ = {isa = PBXBuildFile; fileRef = 03C2A66B2126A25100267E7F /* SessionManager.swift */; };
		03C2A66E2126B7F600267E7F /* POSClientManager.swift in Sources */ = {isa = PBXBuildFile; fileRef = 03C2A66D2126B7F600267E7F /* POSClientManager.swift */; };
		03C2A67B2126BFBD00267E7F /* LoadingViewModel.swift in Sources */ = {isa = PBXBuildFile; fileRef = 03C2A67A2126BFBD00267E7F /* LoadingViewModel.swift */; };
		03C2A67D2126BFD500267E7F /* LoadingViewController.swift in Sources */ = {isa = PBXBuildFile; fileRef = 03C2A67C2126BFD500267E7F /* LoadingViewController.swift */; };
		03C2A6882126C36500267E7F /* Localizable.strings in Resources */ = {isa = PBXBuildFile; fileRef = 03C2A6862126C36500267E7F /* Localizable.strings */; };
		03C2A68D212A317D00267E7F /* BalanceListViewController.swift in Sources */ = {isa = PBXBuildFile; fileRef = 03C2A68C212A317D00267E7F /* BalanceListViewController.swift */; };
		03C2A68F212A318C00267E7F /* BalanceListViewModel.swift in Sources */ = {isa = PBXBuildFile; fileRef = 03C2A68E212A318C00267E7F /* BalanceListViewModel.swift */; };
		03C2A694212A31ED00267E7F /* BalanceTableViewCell.swift in Sources */ = {isa = PBXBuildFile; fileRef = 03C2A692212A31ED00267E7F /* BalanceTableViewCell.swift */; };
		03C2A695212A31ED00267E7F /* BalanceTableViewCell.xib in Resources */ = {isa = PBXBuildFile; fileRef = 03C2A693212A31ED00267E7F /* BalanceTableViewCell.xib */; };
		03E3CEE7213F979500A199C5 /* TransactionsViewModelTests.swift in Sources */ = {isa = PBXBuildFile; fileRef = 03E3CEE6213F979500A199C5 /* TransactionsViewModelTests.swift */; };
		03E3CEE9213F982A00A199C5 /* TestTransactionLoader.swift in Sources */ = {isa = PBXBuildFile; fileRef = 03E3CEE8213F982A00A199C5 /* TestTransactionLoader.swift */; };
		03E5F18C2140E99A0089939D /* TouchIDConfirmationViewModelTests.swift in Sources */ = {isa = PBXBuildFile; fileRef = 03E5F18B2140E99A0089939D /* TouchIDConfirmationViewModelTests.swift */; };
		03E5F18F2140F0E60089939D /* TransactionsPaginatorTests.swift in Sources */ = {isa = PBXBuildFile; fileRef = 03E5F18E2140F0E60089939D /* TransactionsPaginatorTests.swift */; };
		03E5F192214103A80089939D /* BaseViewControllerTests.swift in Sources */ = {isa = PBXBuildFile; fileRef = 03E5F191214103A80089939D /* BaseViewControllerTests.swift */; };
		03E5F19421410B100089939D /* BaseViewControllerProtocols.swift in Sources */ = {isa = PBXBuildFile; fileRef = 03E5F19321410B100089939D /* BaseViewControllerProtocols.swift */; };
		03F2C378213E68E600BCC867 /* BalanceNavigationViewModelTests.swift in Sources */ = {isa = PBXBuildFile; fileRef = 03F2C377213E68E600BCC867 /* BalanceNavigationViewModelTests.swift */; };
		03F2C37A213E7CB000BCC867 /* SignupViewModelTests.swift in Sources */ = {isa = PBXBuildFile; fileRef = 03F2C379213E7CB000BCC867 /* SignupViewModelTests.swift */; };
		03FB797A212E6EAD00890D72 /* SignupConfirmationViewController.swift in Sources */ = {isa = PBXBuildFile; fileRef = 03FB7979212E6EAD00890D72 /* SignupConfirmationViewController.swift */; };
		03FB797C212E6EF800890D72 /* SignupConfirmationViewModel.swift in Sources */ = {isa = PBXBuildFile; fileRef = 03FB797B212E6EF800890D72 /* SignupConfirmationViewModel.swift */; };
		03FB7980212E9AA300890D72 /* ProfileTableViewController.swift in Sources */ = {isa = PBXBuildFile; fileRef = 03FB797F212E9AA300890D72 /* ProfileTableViewController.swift */; };
		03FB7982212E9AB800890D72 /* ProfileTableViewModel.swift in Sources */ = {isa = PBXBuildFile; fileRef = 03FB7981212E9AB800890D72 /* ProfileTableViewModel.swift */; };
		03FB7988212FB6D100890D72 /* MainTabBarViewController.swift in Sources */ = {isa = PBXBuildFile; fileRef = 03FB7987212FB6D100890D72 /* MainTabBarViewController.swift */; };
		03FB798E212FEC9600890D72 /* TransactionsViewController.swift in Sources */ = {isa = PBXBuildFile; fileRef = 03FB798D212FEC9500890D72 /* TransactionsViewController.swift */; };
		03FB7991212FECA200890D72 /* TransactionsViewModel.swift in Sources */ = {isa = PBXBuildFile; fileRef = 03FB798F212FECA100890D72 /* TransactionsViewModel.swift */; };
		03FB7992212FECA200890D72 /* TransactionCellViewModel.swift in Sources */ = {isa = PBXBuildFile; fileRef = 03FB7990212FECA100890D72 /* TransactionCellViewModel.swift */; };
		03FB7995212FED4200890D72 /* TransactionTableViewCell.xib in Resources */ = {isa = PBXBuildFile; fileRef = 03FB7993212FED4200890D72 /* TransactionTableViewCell.xib */; };
		03FB7996212FED4200890D72 /* TransactionTableViewCell.swift in Sources */ = {isa = PBXBuildFile; fileRef = 03FB7994212FED4200890D72 /* TransactionTableViewCell.swift */; };
		03FB7999212FEDFB00890D72 /* TransactionsPaginator.swift in Sources */ = {isa = PBXBuildFile; fileRef = 03FB7998212FEDFB00890D72 /* TransactionsPaginator.swift */; };
		03FB799B212FEE2500890D72 /* Paginator.swift in Sources */ = {isa = PBXBuildFile; fileRef = 03FB799A212FEE2500890D72 /* Paginator.swift */; };
		03FB79AE2130105300890D72 /* Loading.storyboard in Resources */ = {isa = PBXBuildFile; fileRef = 03FB799C2130105200890D72 /* Loading.storyboard */; };
		03FB79AF2130105300890D72 /* Balance.storyboard in Resources */ = {isa = PBXBuildFile; fileRef = 03FB799E2130105200890D72 /* Balance.storyboard */; };
		03FB79B02130105300890D72 /* Login.storyboard in Resources */ = {isa = PBXBuildFile; fileRef = 03FB79A02130105200890D72 /* Login.storyboard */; };
		03FB79B12130105300890D72 /* QRCode.storyboard in Resources */ = {isa = PBXBuildFile; fileRef = 03FB79A22130105200890D72 /* QRCode.storyboard */; };
		03FB79B22130105300890D72 /* LaunchScreen.storyboard in Resources */ = {isa = PBXBuildFile; fileRef = 03FB79A42130105200890D72 /* LaunchScreen.storyboard */; };
		03FB79B32130105300890D72 /* Transaction.storyboard in Resources */ = {isa = PBXBuildFile; fileRef = 03FB79A62130105300890D72 /* Transaction.storyboard */; };
		03FB79B42130105300890D72 /* MainTabBar.storyboard in Resources */ = {isa = PBXBuildFile; fileRef = 03FB79A82130105300890D72 /* MainTabBar.storyboard */; };
		03FB79B52130105300890D72 /* Profile.storyboard in Resources */ = {isa = PBXBuildFile; fileRef = 03FB79AA2130105300890D72 /* Profile.storyboard */; };
		03FB79B62130105300890D72 /* Signup.storyboard in Resources */ = {isa = PBXBuildFile; fileRef = 03FB79AC2130105300890D72 /* Signup.storyboard */; };
		03FB79B8213011E900890D72 /* BaseNavigationViewController.swift in Sources */ = {isa = PBXBuildFile; fileRef = 03FB79B7213011E900890D72 /* BaseNavigationViewController.swift */; };
		8F7CD18379BACA135DA25E81 /* Pods_POSClient.framework in Frameworks */ = {isa = PBXBuildFile; fileRef = 3008B28886DD7DF3D7EC831E /* Pods_POSClient.framework */; };
		AA1F0153D21BBE2609A9B607 /* Pods_POSClientTests.framework in Frameworks */ = {isa = PBXBuildFile; fileRef = C97FF7E1851BCB9015E8D889 /* Pods_POSClientTests.framework */; };
/* End PBXBuildFile section */

/* Begin PBXContainerItemProxy section */
		033A63B72123E02C00A2D08B /* PBXContainerItemProxy */ = {
			isa = PBXContainerItemProxy;
			containerPortal = 033A639A2123E02800A2D08B /* Project object */;
			proxyType = 1;
			remoteGlobalIDString = 033A63A12123E02800A2D08B;
			remoteInfo = POSClient;
		};
/* End PBXContainerItemProxy section */

/* Begin PBXFileReference section */
		030D5F4521379CEC00EB5B6A /* MainTabBarViewModel.swift */ = {isa = PBXFileReference; lastKnownFileType = sourcecode.swift; path = MainTabBarViewModel.swift; sourceTree = "<group>"; };
		0320EB66213F8C15001E711F /* ProfileTableViewModelTests.swift */ = {isa = PBXFileReference; lastKnownFileType = sourcecode.swift; path = ProfileTableViewModelTests.swift; sourceTree = "<group>"; };
		0320EB68213F9167001E711F /* MainTabBarViewModelTests.swift */ = {isa = PBXFileReference; lastKnownFileType = sourcecode.swift; path = MainTabBarViewModelTests.swift; sourceTree = "<group>"; };
		0326EF642138F0030062DBE3 /* Fixtures */ = {isa = PBXFileReference; lastKnownFileType = folder; path = Fixtures; sourceTree = "<group>"; };
		0326EF662138F0BC0062DBE3 /* LoadingViewModelTests.swift */ = {isa = PBXFileReference; lastKnownFileType = sourcecode.swift; path = LoadingViewModelTests.swift; sourceTree = "<group>"; };
		0326EF682138F0E80062DBE3 /* TestSessionManager.swift */ = {isa = PBXFileReference; lastKnownFileType = sourcecode.swift; path = TestSessionManager.swift; sourceTree = "<group>"; };
		0326EF6A2138F6CB0062DBE3 /* StubGenerator.swift */ = {isa = PBXFileReference; lastKnownFileType = sourcecode.swift; path = StubGenerator.swift; sourceTree = "<group>"; };
		032F7A6D212A371000AAC753 /* BalanceCellViewModel.swift */ = {isa = PBXFileReference; lastKnownFileType = sourcecode.swift; path = BalanceCellViewModel.swift; sourceTree = "<group>"; };
		032F7A6F212A441E00AAC753 /* OmiseGOWrapper.swift */ = {isa = PBXFileReference; lastKnownFileType = sourcecode.swift; path = OmiseGOWrapper.swift; sourceTree = "<group>"; };
		032F7A71212A474C00AAC753 /* Storyboard.swift */ = {isa = PBXFileReference; lastKnownFileType = sourcecode.swift; path = Storyboard.swift; sourceTree = "<group>"; };
		032F7A73212A476400AAC753 /* Closure.swift */ = {isa = PBXFileReference; lastKnownFileType = sourcecode.swift; path = Closure.swift; sourceTree = "<group>"; };
		032F7A75212A478200AAC753 /* AppState.swift */ = {isa = PBXFileReference; lastKnownFileType = sourcecode.swift; path = AppState.swift; sourceTree = "<group>"; };
		032F7A77212A5A6300AAC753 /* BalanceDetailViewController.swift */ = {isa = PBXFileReference; lastKnownFileType = sourcecode.swift; path = BalanceDetailViewController.swift; sourceTree = "<group>"; };
		032F7A79212A5A7200AAC753 /* BalanceDetailViewModel.swift */ = {isa = PBXFileReference; lastKnownFileType = sourcecode.swift; path = BalanceDetailViewModel.swift; sourceTree = "<group>"; };
		033A63A22123E02800A2D08B /* POSClient.app */ = {isa = PBXFileReference; explicitFileType = wrapper.application; includeInIndex = 0; path = POSClient.app; sourceTree = BUILT_PRODUCTS_DIR; };
		033A63A52123E02800A2D08B /* AppDelegate.swift */ = {isa = PBXFileReference; lastKnownFileType = sourcecode.swift; path = AppDelegate.swift; sourceTree = "<group>"; };
		033A63B12123E02C00A2D08B /* Info.plist */ = {isa = PBXFileReference; lastKnownFileType = text.plist.xml; path = Info.plist; sourceTree = "<group>"; };
		033A63B62123E02C00A2D08B /* POSClientTests.xctest */ = {isa = PBXFileReference; explicitFileType = wrapper.cfbundle; includeInIndex = 0; path = POSClientTests.xctest; sourceTree = BUILT_PRODUCTS_DIR; };
		033A63BC2123E02C00A2D08B /* Info.plist */ = {isa = PBXFileReference; lastKnownFileType = text.plist.xml; path = Info.plist; sourceTree = "<group>"; };
		033A63C92123E2CB00A2D08B /* Assets.xcassets */ = {isa = PBXFileReference; lastKnownFileType = folder.assetcatalog; path = Assets.xcassets; sourceTree = "<group>"; };
		0371EA60213D241700BBF92C /* LoginViewModelTests.swift */ = {isa = PBXFileReference; lastKnownFileType = sourcecode.swift; path = LoginViewModelTests.swift; sourceTree = "<group>"; };
		0372E3B6213E31590058D0A6 /* BalanceListViewModelTests.swift */ = {isa = PBXFileReference; lastKnownFileType = sourcecode.swift; path = BalanceListViewModelTests.swift; sourceTree = "<group>"; };
		0372E3B8213E41970058D0A6 /* BalanceDetailViewModelTests.swift */ = {isa = PBXFileReference; lastKnownFileType = sourcecode.swift; path = BalanceDetailViewModelTests.swift; sourceTree = "<group>"; };
		0380AAD6212BF4F8006B2193 /* Observable.swift */ = {isa = PBXFileReference; lastKnownFileType = sourcecode.swift; path = Observable.swift; sourceTree = "<group>"; };
		0380AAD8212C12AF006B2193 /* BalanceNavigationViewController.swift */ = {isa = PBXFileReference; lastKnownFileType = sourcecode.swift; path = BalanceNavigationViewController.swift; sourceTree = "<group>"; };
		0380AADA212C1303006B2193 /* BalanceNavigationViewModel.swift */ = {isa = PBXFileReference; lastKnownFileType = sourcecode.swift; path = BalanceNavigationViewModel.swift; sourceTree = "<group>"; };
		0380AADC212C2013006B2193 /* AppEvent.swift */ = {isa = PBXFileReference; lastKnownFileType = sourcecode.swift; path = AppEvent.swift; sourceTree = "<group>"; };
		0380AADE212C2347006B2193 /* Publisher.swift */ = {isa = PBXFileReference; lastKnownFileType = sourcecode.swift; path = Publisher.swift; sourceTree = "<group>"; };
		0380AAE2212D11DA006B2193 /* QRViewController.swift */ = {isa = PBXFileReference; lastKnownFileType = sourcecode.swift; path = QRViewController.swift; sourceTree = "<group>"; };
		0380AAE4212D11E5006B2193 /* QRViewModel.swift */ = {isa = PBXFileReference; lastKnownFileType = sourcecode.swift; path = QRViewModel.swift; sourceTree = "<group>"; };
		0380AAE6212D13C3006B2193 /* QRGenerator.swift */ = {isa = PBXFileReference; lastKnownFileType = sourcecode.swift; path = QRGenerator.swift; sourceTree = "<group>"; };
		0380AAEE212D54EF006B2193 /* SignupViewController.swift */ = {isa = PBXFileReference; lastKnownFileType = sourcecode.swift; path = SignupViewController.swift; sourceTree = "<group>"; };
		0380AAF0212D54FB006B2193 /* SignupViewModel.swift */ = {isa = PBXFileReference; lastKnownFileType = sourcecode.swift; path = SignupViewModel.swift; sourceTree = "<group>"; };
		0381C2062137D1E200F813E3 /* LoadingView.xib */ = {isa = PBXFileReference; lastKnownFileType = file.xib; path = LoadingView.xib; sourceTree = "<group>"; };
		0381C2082137D21100F813E3 /* LoadingView.swift */ = {isa = PBXFileReference; lastKnownFileType = sourcecode.swift; path = LoadingView.swift; sourceTree = "<group>"; };
		0381C20A2137DEE200F813E3 /* MBProgressHUDBuilder.swift */ = {isa = PBXFileReference; lastKnownFileType = sourcecode.swift; path = MBProgressHUDBuilder.swift; sourceTree = "<group>"; };
		03885C122133ADDB00E78F69 /* Biometric.swift */ = {isa = PBXFileReference; lastKnownFileType = sourcecode.swift; path = Biometric.swift; sourceTree = "<group>"; };
		03885C142133B68500E78F69 /* TouchIDConfirmationViewController.swift */ = {isa = PBXFileReference; lastKnownFileType = sourcecode.swift; path = TouchIDConfirmationViewController.swift; sourceTree = "<group>"; };
		03885C162133B69300E78F69 /* TouchIDConfirmationViewModel.swift */ = {isa = PBXFileReference; lastKnownFileType = sourcecode.swift; path = TouchIDConfirmationViewModel.swift; sourceTree = "<group>"; };
		03A0C00921350FFD00E31833 /* KeychainWrapper.swift */ = {isa = PBXFileReference; lastKnownFileType = sourcecode.swift; path = KeychainWrapper.swift; sourceTree = "<group>"; };
		03A0C00B2135173B00E31833 /* UserDefaultsWrapper.swift */ = {isa = PBXFileReference; lastKnownFileType = sourcecode.swift; path = UserDefaultsWrapper.swift; sourceTree = "<group>"; };
		03C2A65321269A9D00267E7F /* BaseViewModel.swift */ = {isa = PBXFileReference; fileEncoding = 4; lastKnownFileType = sourcecode.swift; path = BaseViewModel.swift; sourceTree = "<group>"; };
		03C2A65421269A9D00267E7F /* LoginViewModel.swift */ = {isa = PBXFileReference; fileEncoding = 4; lastKnownFileType = sourcecode.swift; path = LoginViewModel.swift; sourceTree = "<group>"; };
		03C2A65721269AA500267E7F /* BaseViewController.swift */ = {isa = PBXFileReference; fileEncoding = 4; lastKnownFileType = sourcecode.swift; path = BaseViewController.swift; sourceTree = "<group>"; };
		03C2A65821269AA500267E7F /* LoginViewController.swift */ = {isa = PBXFileReference; fileEncoding = 4; lastKnownFileType = sourcecode.swift; path = LoginViewController.swift; sourceTree = "<group>"; };
		03C2A65C21269C2300267E7F /* CustomView.swift */ = {isa = PBXFileReference; fileEncoding = 4; lastKnownFileType = sourcecode.swift; path = CustomView.swift; sourceTree = "<group>"; };
		03C2A65D21269C2300267E7F /* Extension.swift */ = {isa = PBXFileReference; fileEncoding = 4; lastKnownFileType = sourcecode.swift; path = Extension.swift; sourceTree = "<group>"; };
		03C2A65E21269C2300267E7F /* Theme.swift */ = {isa = PBXFileReference; fileEncoding = 4; lastKnownFileType = sourcecode.swift; path = Theme.swift; sourceTree = "<group>"; };
		03C2A66221269CDF00267E7F /* Constant.swift */ = {isa = PBXFileReference; lastKnownFileType = sourcecode.swift; path = Constant.swift; sourceTree = "<group>"; };
		03C2A6682126A12E00267E7F /* POSClientError.swift */ = {isa = PBXFileReference; lastKnownFileType = sourcecode.swift; path = POSClientError.swift; sourceTree = "<group>"; };
		03C2A66B2126A25100267E7F /* SessionManager.swift */ = {isa = PBXFileReference; lastKnownFileType = sourcecode.swift; path = SessionManager.swift; sourceTree = "<group>"; };
		03C2A66D2126B7F600267E7F /* POSClientManager.swift */ = {isa = PBXFileReference; lastKnownFileType = sourcecode.swift; path = POSClientManager.swift; sourceTree = "<group>"; };
		03C2A67A2126BFBD00267E7F /* LoadingViewModel.swift */ = {isa = PBXFileReference; lastKnownFileType = sourcecode.swift; path = LoadingViewModel.swift; sourceTree = "<group>"; };
		03C2A67C2126BFD500267E7F /* LoadingViewController.swift */ = {isa = PBXFileReference; fileEncoding = 4; lastKnownFileType = sourcecode.swift; path = LoadingViewController.swift; sourceTree = "<group>"; };
		03C2A6872126C36500267E7F /* Base */ = {isa = PBXFileReference; lastKnownFileType = text.plist.strings; name = Base; path = Base.lproj/Localizable.strings; sourceTree = "<group>"; };
		03C2A68C212A317D00267E7F /* BalanceListViewController.swift */ = {isa = PBXFileReference; lastKnownFileType = sourcecode.swift; path = BalanceListViewController.swift; sourceTree = "<group>"; };
		03C2A68E212A318C00267E7F /* BalanceListViewModel.swift */ = {isa = PBXFileReference; lastKnownFileType = sourcecode.swift; path = BalanceListViewModel.swift; sourceTree = "<group>"; };
		03C2A692212A31ED00267E7F /* BalanceTableViewCell.swift */ = {isa = PBXFileReference; lastKnownFileType = sourcecode.swift; path = BalanceTableViewCell.swift; sourceTree = "<group>"; };
		03C2A693212A31ED00267E7F /* BalanceTableViewCell.xib */ = {isa = PBXFileReference; lastKnownFileType = file.xib; path = BalanceTableViewCell.xib; sourceTree = "<group>"; };
		03E3CEE6213F979500A199C5 /* TransactionsViewModelTests.swift */ = {isa = PBXFileReference; lastKnownFileType = sourcecode.swift; path = TransactionsViewModelTests.swift; sourceTree = "<group>"; };
		03E3CEE8213F982A00A199C5 /* TestTransactionLoader.swift */ = {isa = PBXFileReference; lastKnownFileType = sourcecode.swift; path = TestTransactionLoader.swift; sourceTree = "<group>"; };
		03E5F18B2140E99A0089939D /* TouchIDConfirmationViewModelTests.swift */ = {isa = PBXFileReference; lastKnownFileType = sourcecode.swift; path = TouchIDConfirmationViewModelTests.swift; sourceTree = "<group>"; };
		03E5F18E2140F0E60089939D /* TransactionsPaginatorTests.swift */ = {isa = PBXFileReference; lastKnownFileType = sourcecode.swift; path = TransactionsPaginatorTests.swift; sourceTree = "<group>"; };
		03E5F191214103A80089939D /* BaseViewControllerTests.swift */ = {isa = PBXFileReference; lastKnownFileType = sourcecode.swift; path = BaseViewControllerTests.swift; sourceTree = "<group>"; };
		03E5F19321410B100089939D /* BaseViewControllerProtocols.swift */ = {isa = PBXFileReference; lastKnownFileType = sourcecode.swift; path = BaseViewControllerProtocols.swift; sourceTree = "<group>"; };
		03F2C377213E68E600BCC867 /* BalanceNavigationViewModelTests.swift */ = {isa = PBXFileReference; lastKnownFileType = sourcecode.swift; path = BalanceNavigationViewModelTests.swift; sourceTree = "<group>"; };
		03F2C379213E7CB000BCC867 /* SignupViewModelTests.swift */ = {isa = PBXFileReference; lastKnownFileType = sourcecode.swift; path = SignupViewModelTests.swift; sourceTree = "<group>"; };
		03FB7979212E6EAD00890D72 /* SignupConfirmationViewController.swift */ = {isa = PBXFileReference; lastKnownFileType = sourcecode.swift; path = SignupConfirmationViewController.swift; sourceTree = "<group>"; };
		03FB797B212E6EF800890D72 /* SignupConfirmationViewModel.swift */ = {isa = PBXFileReference; lastKnownFileType = sourcecode.swift; path = SignupConfirmationViewModel.swift; sourceTree = "<group>"; };
		03FB797F212E9AA300890D72 /* ProfileTableViewController.swift */ = {isa = PBXFileReference; lastKnownFileType = sourcecode.swift; path = ProfileTableViewController.swift; sourceTree = "<group>"; };
		03FB7981212E9AB800890D72 /* ProfileTableViewModel.swift */ = {isa = PBXFileReference; lastKnownFileType = sourcecode.swift; path = ProfileTableViewModel.swift; sourceTree = "<group>"; };
		03FB7987212FB6D100890D72 /* MainTabBarViewController.swift */ = {isa = PBXFileReference; lastKnownFileType = sourcecode.swift; path = MainTabBarViewController.swift; sourceTree = "<group>"; };
		03FB798D212FEC9500890D72 /* TransactionsViewController.swift */ = {isa = PBXFileReference; fileEncoding = 4; lastKnownFileType = sourcecode.swift; path = TransactionsViewController.swift; sourceTree = "<group>"; };
		03FB798F212FECA100890D72 /* TransactionsViewModel.swift */ = {isa = PBXFileReference; fileEncoding = 4; lastKnownFileType = sourcecode.swift; path = TransactionsViewModel.swift; sourceTree = "<group>"; };
		03FB7990212FECA100890D72 /* TransactionCellViewModel.swift */ = {isa = PBXFileReference; fileEncoding = 4; lastKnownFileType = sourcecode.swift; path = TransactionCellViewModel.swift; sourceTree = "<group>"; };
		03FB7993212FED4200890D72 /* TransactionTableViewCell.xib */ = {isa = PBXFileReference; fileEncoding = 4; lastKnownFileType = file.xib; path = TransactionTableViewCell.xib; sourceTree = "<group>"; };
		03FB7994212FED4200890D72 /* TransactionTableViewCell.swift */ = {isa = PBXFileReference; fileEncoding = 4; lastKnownFileType = sourcecode.swift; path = TransactionTableViewCell.swift; sourceTree = "<group>"; };
		03FB7998212FEDFB00890D72 /* TransactionsPaginator.swift */ = {isa = PBXFileReference; fileEncoding = 4; lastKnownFileType = sourcecode.swift; path = TransactionsPaginator.swift; sourceTree = "<group>"; };
		03FB799A212FEE2500890D72 /* Paginator.swift */ = {isa = PBXFileReference; fileEncoding = 4; lastKnownFileType = sourcecode.swift; path = Paginator.swift; sourceTree = "<group>"; };
		03FB799D2130105200890D72 /* Base */ = {isa = PBXFileReference; lastKnownFileType = file.storyboard; name = Base; path = Base.lproj/Loading.storyboard; sourceTree = "<group>"; };
		03FB799F2130105200890D72 /* Base */ = {isa = PBXFileReference; lastKnownFileType = file.storyboard; name = Base; path = Base.lproj/Balance.storyboard; sourceTree = "<group>"; };
		03FB79A12130105200890D72 /* Base */ = {isa = PBXFileReference; lastKnownFileType = file.storyboard; name = Base; path = Base.lproj/Login.storyboard; sourceTree = "<group>"; };
		03FB79A32130105200890D72 /* Base */ = {isa = PBXFileReference; lastKnownFileType = file.storyboard; name = Base; path = Base.lproj/QRCode.storyboard; sourceTree = "<group>"; };
		03FB79A52130105200890D72 /* Base */ = {isa = PBXFileReference; lastKnownFileType = file.storyboard; name = Base; path = Base.lproj/LaunchScreen.storyboard; sourceTree = "<group>"; };
		03FB79A72130105300890D72 /* Base */ = {isa = PBXFileReference; lastKnownFileType = file.storyboard; name = Base; path = Base.lproj/Transaction.storyboard; sourceTree = "<group>"; };
		03FB79A92130105300890D72 /* Base */ = {isa = PBXFileReference; lastKnownFileType = file.storyboard; name = Base; path = Base.lproj/MainTabBar.storyboard; sourceTree = "<group>"; };
		03FB79AB2130105300890D72 /* Base */ = {isa = PBXFileReference; lastKnownFileType = file.storyboard; name = Base; path = Base.lproj/Profile.storyboard; sourceTree = "<group>"; };
		03FB79AD2130105300890D72 /* Base */ = {isa = PBXFileReference; lastKnownFileType = file.storyboard; name = Base; path = Base.lproj/Signup.storyboard; sourceTree = "<group>"; };
		03FB79B7213011E900890D72 /* BaseNavigationViewController.swift */ = {isa = PBXFileReference; lastKnownFileType = sourcecode.swift; path = BaseNavigationViewController.swift; sourceTree = "<group>"; };
		1AFBE851E5E6123AFC830E08 /* Pods-POSClientTests.release.xcconfig */ = {isa = PBXFileReference; includeInIndex = 1; lastKnownFileType = text.xcconfig; name = "Pods-POSClientTests.release.xcconfig"; path = "Pods/Target Support Files/Pods-POSClientTests/Pods-POSClientTests.release.xcconfig"; sourceTree = "<group>"; };
		2DBD3DE3387D7ECEBF01D9CA /* Pods-POSClient.debug.xcconfig */ = {isa = PBXFileReference; includeInIndex = 1; lastKnownFileType = text.xcconfig; name = "Pods-POSClient.debug.xcconfig"; path = "Pods/Target Support Files/Pods-POSClient/Pods-POSClient.debug.xcconfig"; sourceTree = "<group>"; };
		3008B28886DD7DF3D7EC831E /* Pods_POSClient.framework */ = {isa = PBXFileReference; explicitFileType = wrapper.framework; includeInIndex = 0; path = Pods_POSClient.framework; sourceTree = BUILT_PRODUCTS_DIR; };
		7EEF31A6920B3245B8084DFE /* Pods-POSClient.release.xcconfig */ = {isa = PBXFileReference; includeInIndex = 1; lastKnownFileType = text.xcconfig; name = "Pods-POSClient.release.xcconfig"; path = "Pods/Target Support Files/Pods-POSClient/Pods-POSClient.release.xcconfig"; sourceTree = "<group>"; };
		8A7F26391BB5B765ADACB11F /* Pods-POSClientTests.debug.xcconfig */ = {isa = PBXFileReference; includeInIndex = 1; lastKnownFileType = text.xcconfig; name = "Pods-POSClientTests.debug.xcconfig"; path = "Pods/Target Support Files/Pods-POSClientTests/Pods-POSClientTests.debug.xcconfig"; sourceTree = "<group>"; };
		C97FF7E1851BCB9015E8D889 /* Pods_POSClientTests.framework */ = {isa = PBXFileReference; explicitFileType = wrapper.framework; includeInIndex = 0; path = Pods_POSClientTests.framework; sourceTree = BUILT_PRODUCTS_DIR; };
/* End PBXFileReference section */

/* Begin PBXFrameworksBuildPhase section */
		033A639F2123E02800A2D08B /* Frameworks */ = {
			isa = PBXFrameworksBuildPhase;
			buildActionMask = 2147483647;
			files = (
				8F7CD18379BACA135DA25E81 /* Pods_POSClient.framework in Frameworks */,
			);
			runOnlyForDeploymentPostprocessing = 0;
		};
		033A63B32123E02C00A2D08B /* Frameworks */ = {
			isa = PBXFrameworksBuildPhase;
			buildActionMask = 2147483647;
			files = (
				AA1F0153D21BBE2609A9B607 /* Pods_POSClientTests.framework in Frameworks */,
			);
			runOnlyForDeploymentPostprocessing = 0;
		};
/* End PBXFrameworksBuildPhase section */

/* Begin PBXGroup section */
		0326EF622138EFF90062DBE3 /* TestMocks */ = {
			isa = PBXGroup;
			children = (
				0326EF682138F0E80062DBE3 /* TestSessionManager.swift */,
				0326EF6A2138F6CB0062DBE3 /* StubGenerator.swift */,
				03E3CEE8213F982A00A199C5 /* TestTransactionLoader.swift */,
			);
			path = TestMocks;
			sourceTree = "<group>";
		};
		0326EF632138EFF90062DBE3 /* ViewModelTests */ = {
			isa = PBXGroup;
			children = (
				0326EF662138F0BC0062DBE3 /* LoadingViewModelTests.swift */,
				0371EA60213D241700BBF92C /* LoginViewModelTests.swift */,
				0372E3B6213E31590058D0A6 /* BalanceListViewModelTests.swift */,
				0372E3B8213E41970058D0A6 /* BalanceDetailViewModelTests.swift */,
				03F2C377213E68E600BCC867 /* BalanceNavigationViewModelTests.swift */,
				03F2C379213E7CB000BCC867 /* SignupViewModelTests.swift */,
				0320EB66213F8C15001E711F /* ProfileTableViewModelTests.swift */,
				0320EB68213F9167001E711F /* MainTabBarViewModelTests.swift */,
				03E3CEE6213F979500A199C5 /* TransactionsViewModelTests.swift */,
				03E5F18B2140E99A0089939D /* TouchIDConfirmationViewModelTests.swift */,
			);
			path = ViewModelTests;
			sourceTree = "<group>";
		};
		0326EF6C2138FA8B0062DBE3 /* Helpers */ = {
			isa = PBXGroup;
			children = (
			);
			path = Helpers;
			sourceTree = "<group>";
		};
		033A63992123E02800A2D08B = {
			isa = PBXGroup;
			children = (
				033A63A42123E02800A2D08B /* POSClient */,
				033A63B92123E02C00A2D08B /* POSClientTests */,
				033A63A32123E02800A2D08B /* Products */,
				CB274166AD40161B88843214 /* Pods */,
				5DD655487C5103B667D646D3 /* Frameworks */,
			);
			sourceTree = "<group>";
		};
		033A63A32123E02800A2D08B /* Products */ = {
			isa = PBXGroup;
			children = (
				033A63A22123E02800A2D08B /* POSClient.app */,
				033A63B62123E02C00A2D08B /* POSClientTests.xctest */,
			);
			name = Products;
			sourceTree = "<group>";
		};
		033A63A42123E02800A2D08B /* POSClient */ = {
			isa = PBXGroup;
			children = (
				03C2A6862126C36500267E7F /* Localizable.strings */,
				03C2A66A2126A1BC00267E7F /* Managers */,
				03C2A6672126A11C00267E7F /* Models */,
				03C2A65B21269C2300267E7F /* Helpers */,
				033A63C82123E2CB00A2D08B /* Assets */,
				03FB7997212FEDFB00890D72 /* Paginators */,
				033A63C52123E2CB00A2D08B /* Storyboards */,
				03C2A65121269A6700267E7F /* ViewControllers */,
				03C2A65221269A6800267E7F /* ViewModels */,
				03C2A690212A31C600267E7F /* Views */,
				033A63A52123E02800A2D08B /* AppDelegate.swift */,
				033A63B12123E02C00A2D08B /* Info.plist */,
			);
			path = POSClient;
			sourceTree = "<group>";
		};
		033A63B92123E02C00A2D08B /* POSClientTests */ = {
			isa = PBXGroup;
			children = (
				03E5F190214103900089939D /* ViewControllers */,
				03E5F18D2140F0DA0089939D /* Paginators */,
				0326EF6C2138FA8B0062DBE3 /* Helpers */,
				0326EF642138F0030062DBE3 /* Fixtures */,
				0326EF622138EFF90062DBE3 /* TestMocks */,
				0326EF632138EFF90062DBE3 /* ViewModelTests */,
				033A63BC2123E02C00A2D08B /* Info.plist */,
			);
			path = POSClientTests;
			sourceTree = "<group>";
		};
		033A63C52123E2CB00A2D08B /* Storyboards */ = {
			isa = PBXGroup;
			children = (
				03FB799E2130105200890D72 /* Balance.storyboard */,
				03FB79A42130105200890D72 /* LaunchScreen.storyboard */,
				03FB799C2130105200890D72 /* Loading.storyboard */,
				03FB79A02130105200890D72 /* Login.storyboard */,
				03FB79A82130105300890D72 /* MainTabBar.storyboard */,
				03FB79AA2130105300890D72 /* Profile.storyboard */,
				03FB79A22130105200890D72 /* QRCode.storyboard */,
				03FB79AC2130105300890D72 /* Signup.storyboard */,
				03FB79A62130105300890D72 /* Transaction.storyboard */,
			);
			path = Storyboards;
			sourceTree = "<group>";
		};
		033A63C82123E2CB00A2D08B /* Assets */ = {
			isa = PBXGroup;
			children = (
				033A63C92123E2CB00A2D08B /* Assets.xcassets */,
			);
			path = Assets;
			sourceTree = "<group>";
		};
		0381C2052137D1D600F813E3 /* Others */ = {
			isa = PBXGroup;
			children = (
				0381C2062137D1E200F813E3 /* LoadingView.xib */,
				0381C2082137D21100F813E3 /* LoadingView.swift */,
			);
			path = Others;
			sourceTree = "<group>";
		};
		03C2A65121269A6700267E7F /* ViewControllers */ = {
			isa = PBXGroup;
			children = (
				03C2A65721269AA500267E7F /* BaseViewController.swift */,
				03C2A65821269AA500267E7F /* LoginViewController.swift */,
				03C2A67C2126BFD500267E7F /* LoadingViewController.swift */,
				03C2A68C212A317D00267E7F /* BalanceListViewController.swift */,
				032F7A77212A5A6300AAC753 /* BalanceDetailViewController.swift */,
				0380AAD8212C12AF006B2193 /* BalanceNavigationViewController.swift */,
				0380AAE2212D11DA006B2193 /* QRViewController.swift */,
				0380AAEE212D54EF006B2193 /* SignupViewController.swift */,
				03FB7979212E6EAD00890D72 /* SignupConfirmationViewController.swift */,
				03FB797F212E9AA300890D72 /* ProfileTableViewController.swift */,
				03FB7987212FB6D100890D72 /* MainTabBarViewController.swift */,
				03FB798D212FEC9500890D72 /* TransactionsViewController.swift */,
				03FB79B7213011E900890D72 /* BaseNavigationViewController.swift */,
				03885C142133B68500E78F69 /* TouchIDConfirmationViewController.swift */,
			);
			path = ViewControllers;
			sourceTree = "<group>";
		};
		03C2A65221269A6800267E7F /* ViewModels */ = {
			isa = PBXGroup;
			children = (
				03C2A65321269A9D00267E7F /* BaseViewModel.swift */,
				03C2A65421269A9D00267E7F /* LoginViewModel.swift */,
				03C2A67A2126BFBD00267E7F /* LoadingViewModel.swift */,
				03C2A68E212A318C00267E7F /* BalanceListViewModel.swift */,
				032F7A6D212A371000AAC753 /* BalanceCellViewModel.swift */,
				032F7A79212A5A7200AAC753 /* BalanceDetailViewModel.swift */,
				0380AADA212C1303006B2193 /* BalanceNavigationViewModel.swift */,
				0380AAE4212D11E5006B2193 /* QRViewModel.swift */,
				0380AAF0212D54FB006B2193 /* SignupViewModel.swift */,
				03FB797B212E6EF800890D72 /* SignupConfirmationViewModel.swift */,
				03FB7981212E9AB800890D72 /* ProfileTableViewModel.swift */,
				030D5F4521379CEC00EB5B6A /* MainTabBarViewModel.swift */,
				03FB7990212FECA100890D72 /* TransactionCellViewModel.swift */,
				03FB798F212FECA100890D72 /* TransactionsViewModel.swift */,
				03885C162133B69300E78F69 /* TouchIDConfirmationViewModel.swift */,
			);
			path = ViewModels;
			sourceTree = "<group>";
		};
		03C2A65B21269C2300267E7F /* Helpers */ = {
			isa = PBXGroup;
			children = (
				03C2A65C21269C2300267E7F /* CustomView.swift */,
				03C2A65D21269C2300267E7F /* Extension.swift */,
				03C2A65E21269C2300267E7F /* Theme.swift */,
				03C2A66221269CDF00267E7F /* Constant.swift */,
				032F7A6F212A441E00AAC753 /* OmiseGOWrapper.swift */,
				032F7A71212A474C00AAC753 /* Storyboard.swift */,
				032F7A73212A476400AAC753 /* Closure.swift */,
				032F7A75212A478200AAC753 /* AppState.swift */,
				0380AAD6212BF4F8006B2193 /* Observable.swift */,
				0380AAE6212D13C3006B2193 /* QRGenerator.swift */,
				03885C122133ADDB00E78F69 /* Biometric.swift */,
				03A0C00921350FFD00E31833 /* KeychainWrapper.swift */,
				03A0C00B2135173B00E31833 /* UserDefaultsWrapper.swift */,
				0381C20A2137DEE200F813E3 /* MBProgressHUDBuilder.swift */,
				03E5F19321410B100089939D /* BaseViewControllerProtocols.swift */,
			);
			path = Helpers;
			sourceTree = "<group>";
		};
		03C2A6672126A11C00267E7F /* Models */ = {
			isa = PBXGroup;
			children = (
				03C2A6682126A12E00267E7F /* POSClientError.swift */,
				0380AADC212C2013006B2193 /* AppEvent.swift */,
				0380AADE212C2347006B2193 /* Publisher.swift */,
				03FB799A212FEE2500890D72 /* Paginator.swift */,
			);
			path = Models;
			sourceTree = "<group>";
		};
		03C2A66A2126A1BC00267E7F /* Managers */ = {
			isa = PBXGroup;
			children = (
				03C2A66B2126A25100267E7F /* SessionManager.swift */,
				03C2A66D2126B7F600267E7F /* POSClientManager.swift */,
			);
			path = Managers;
			sourceTree = "<group>";
		};
		03C2A690212A31C600267E7F /* Views */ = {
			isa = PBXGroup;
			children = (
				0381C2052137D1D600F813E3 /* Others */,
				03C2A691212A31C600267E7F /* TableViewCells */,
			);
			path = Views;
			sourceTree = "<group>";
		};
		03C2A691212A31C600267E7F /* TableViewCells */ = {
			isa = PBXGroup;
			children = (
				03C2A692212A31ED00267E7F /* BalanceTableViewCell.swift */,
				03C2A693212A31ED00267E7F /* BalanceTableViewCell.xib */,
				03FB7994212FED4200890D72 /* TransactionTableViewCell.swift */,
				03FB7993212FED4200890D72 /* TransactionTableViewCell.xib */,
			);
			path = TableViewCells;
			sourceTree = "<group>";
		};
		03E5F18D2140F0DA0089939D /* Paginators */ = {
			isa = PBXGroup;
			children = (
				03E5F18E2140F0E60089939D /* TransactionsPaginatorTests.swift */,
			);
			path = Paginators;
			sourceTree = "<group>";
		};
		03E5F190214103900089939D /* ViewControllers */ = {
			isa = PBXGroup;
			children = (
				03E5F191214103A80089939D /* BaseViewControllerTests.swift */,
			);
			path = ViewControllers;
			sourceTree = "<group>";
		};
		03FB7997212FEDFB00890D72 /* Paginators */ = {
			isa = PBXGroup;
			children = (
				03FB7998212FEDFB00890D72 /* TransactionsPaginator.swift */,
			);
			path = Paginators;
			sourceTree = "<group>";
		};
		5DD655487C5103B667D646D3 /* Frameworks */ = {
			isa = PBXGroup;
			children = (
				3008B28886DD7DF3D7EC831E /* Pods_POSClient.framework */,
				C97FF7E1851BCB9015E8D889 /* Pods_POSClientTests.framework */,
			);
			name = Frameworks;
			sourceTree = "<group>";
		};
		CB274166AD40161B88843214 /* Pods */ = {
			isa = PBXGroup;
			children = (
				2DBD3DE3387D7ECEBF01D9CA /* Pods-POSClient.debug.xcconfig */,
				7EEF31A6920B3245B8084DFE /* Pods-POSClient.release.xcconfig */,
				8A7F26391BB5B765ADACB11F /* Pods-POSClientTests.debug.xcconfig */,
				1AFBE851E5E6123AFC830E08 /* Pods-POSClientTests.release.xcconfig */,
			);
			name = Pods;
			sourceTree = "<group>";
		};
/* End PBXGroup section */

/* Begin PBXNativeTarget section */
		033A63A12123E02800A2D08B /* POSClient */ = {
			isa = PBXNativeTarget;
			buildConfigurationList = 033A63BF2123E02C00A2D08B /* Build configuration list for PBXNativeTarget "POSClient" */;
			buildPhases = (
				D4466B4D0B9D3BAC0165A870 /* [CP] Check Pods Manifest.lock */,
				033A639E2123E02800A2D08B /* Sources */,
				033A639F2123E02800A2D08B /* Frameworks */,
				033A63A02123E02800A2D08B /* Resources */,
				4A62CB5863EDACE05E92A639 /* [CP] Embed Pods Frameworks */,
				033A63CC2123E93400A2D08B /* ShellScript */,
			);
			buildRules = (
			);
			dependencies = (
			);
			name = POSClient;
			productName = POSClient;
			productReference = 033A63A22123E02800A2D08B /* POSClient.app */;
			productType = "com.apple.product-type.application";
		};
		033A63B52123E02C00A2D08B /* POSClientTests */ = {
			isa = PBXNativeTarget;
			buildConfigurationList = 033A63C22123E02C00A2D08B /* Build configuration list for PBXNativeTarget "POSClientTests" */;
			buildPhases = (
				4C7270502E9ED82126C18D2C /* [CP] Check Pods Manifest.lock */,
				033A63B22123E02C00A2D08B /* Sources */,
				033A63B32123E02C00A2D08B /* Frameworks */,
				033A63B42123E02C00A2D08B /* Resources */,
			);
			buildRules = (
			);
			dependencies = (
				033A63B82123E02C00A2D08B /* PBXTargetDependency */,
			);
			name = POSClientTests;
			productName = POSClientTests;
			productReference = 033A63B62123E02C00A2D08B /* POSClientTests.xctest */;
			productType = "com.apple.product-type.bundle.unit-test";
		};
/* End PBXNativeTarget section */

/* Begin PBXProject section */
		033A639A2123E02800A2D08B /* Project object */ = {
			isa = PBXProject;
			attributes = {
				LastSwiftUpdateCheck = 0940;
				LastUpgradeCheck = 0940;
				ORGANIZATIONNAME = "Omise Go Pte. Ltd.";
				TargetAttributes = {
					033A63A12123E02800A2D08B = {
						CreatedOnToolsVersion = 9.4.1;
					};
					033A63B52123E02C00A2D08B = {
						CreatedOnToolsVersion = 9.4.1;
						LastSwiftMigration = 0940;
						TestTargetID = 033A63A12123E02800A2D08B;
					};
				};
			};
			buildConfigurationList = 033A639D2123E02800A2D08B /* Build configuration list for PBXProject "POSClient" */;
			compatibilityVersion = "Xcode 9.3";
			developmentRegion = en;
			hasScannedForEncodings = 0;
			knownRegions = (
				en,
				Base,
			);
			mainGroup = 033A63992123E02800A2D08B;
			productRefGroup = 033A63A32123E02800A2D08B /* Products */;
			projectDirPath = "";
			projectRoot = "";
			targets = (
				033A63A12123E02800A2D08B /* POSClient */,
				033A63B52123E02C00A2D08B /* POSClientTests */,
			);
		};
/* End PBXProject section */

/* Begin PBXResourcesBuildPhase section */
		033A63A02123E02800A2D08B /* Resources */ = {
			isa = PBXResourcesBuildPhase;
			buildActionMask = 2147483647;
			files = (
				03FB79B22130105300890D72 /* LaunchScreen.storyboard in Resources */,
				033A63CB2123E2CB00A2D08B /* Assets.xcassets in Resources */,
				03FB79B42130105300890D72 /* MainTabBar.storyboard in Resources */,
				03FB79AF2130105300890D72 /* Balance.storyboard in Resources */,
				03FB79B02130105300890D72 /* Login.storyboard in Resources */,
				03C2A695212A31ED00267E7F /* BalanceTableViewCell.xib in Resources */,
				03FB79B52130105300890D72 /* Profile.storyboard in Resources */,
				03FB79B32130105300890D72 /* Transaction.storyboard in Resources */,
				03C2A6882126C36500267E7F /* Localizable.strings in Resources */,
				03FB79AE2130105300890D72 /* Loading.storyboard in Resources */,
				03FB79B12130105300890D72 /* QRCode.storyboard in Resources */,
				0381C2072137D1E200F813E3 /* LoadingView.xib in Resources */,
				03FB7995212FED4200890D72 /* TransactionTableViewCell.xib in Resources */,
				03FB79B62130105300890D72 /* Signup.storyboard in Resources */,
			);
			runOnlyForDeploymentPostprocessing = 0;
		};
		033A63B42123E02C00A2D08B /* Resources */ = {
			isa = PBXResourcesBuildPhase;
			buildActionMask = 2147483647;
			files = (
				0326EF652138F0030062DBE3 /* Fixtures in Resources */,
			);
			runOnlyForDeploymentPostprocessing = 0;
		};
/* End PBXResourcesBuildPhase section */

/* Begin PBXShellScriptBuildPhase section */
		033A63CC2123E93400A2D08B /* ShellScript */ = {
			isa = PBXShellScriptBuildPhase;
			buildActionMask = 2147483647;
			files = (
			);
			inputPaths = (
			);
			outputPaths = (
			);
			runOnlyForDeploymentPostprocessing = 0;
			shellPath = /bin/sh;
			shellScript = "if which swiftlint >/dev/null; then\nswiftlint lint\nswiftlint lint --config .swiftlint-test.yml\nelse\necho \"warning: SwiftLint not installed, download from https://github.com/realm/SwiftLint\"\nfi\nif which swiftformat >/dev/null; then\nswiftformat . --commas false --self insert\nelse\necho \"warning: SwiftFormat not installed, download from https://github.com/nicklockwood/SwiftFormat\"\nfi";
		};
		4A62CB5863EDACE05E92A639 /* [CP] Embed Pods Frameworks */ = {
			isa = PBXShellScriptBuildPhase;
			buildActionMask = 2147483647;
			files = (
			);
			inputPaths = (
				"${SRCROOT}/Pods/Target Support Files/Pods-POSClient/Pods-POSClient-frameworks.sh",
				"${BUILT_PRODUCTS_DIR}/Alamofire/Alamofire.framework",
				"${BUILT_PRODUCTS_DIR}/BigInt/BigInt.framework",
				"${BUILT_PRODUCTS_DIR}/KeychainAccess/KeychainAccess.framework",
				"${BUILT_PRODUCTS_DIR}/MBProgressHUD/MBProgressHUD.framework",
				"${BUILT_PRODUCTS_DIR}/OmiseGO/OmiseGO.framework",
				"${BUILT_PRODUCTS_DIR}/SipHash/SipHash.framework",
				"${BUILT_PRODUCTS_DIR}/SkyFloatingLabelTextField/SkyFloatingLabelTextField.framework",
				"${BUILT_PRODUCTS_DIR}/Starscream/Starscream.framework",
				"${BUILT_PRODUCTS_DIR}/TPKeyboardAvoiding/TPKeyboardAvoiding.framework",
				"${BUILT_PRODUCTS_DIR}/Toaster/Toaster.framework",
			);
			name = "[CP] Embed Pods Frameworks";
			outputPaths = (
				"${TARGET_BUILD_DIR}/${FRAMEWORKS_FOLDER_PATH}/Alamofire.framework",
				"${TARGET_BUILD_DIR}/${FRAMEWORKS_FOLDER_PATH}/BigInt.framework",
				"${TARGET_BUILD_DIR}/${FRAMEWORKS_FOLDER_PATH}/KeychainAccess.framework",
				"${TARGET_BUILD_DIR}/${FRAMEWORKS_FOLDER_PATH}/MBProgressHUD.framework",
				"${TARGET_BUILD_DIR}/${FRAMEWORKS_FOLDER_PATH}/OmiseGO.framework",
				"${TARGET_BUILD_DIR}/${FRAMEWORKS_FOLDER_PATH}/SipHash.framework",
				"${TARGET_BUILD_DIR}/${FRAMEWORKS_FOLDER_PATH}/SkyFloatingLabelTextField.framework",
				"${TARGET_BUILD_DIR}/${FRAMEWORKS_FOLDER_PATH}/Starscream.framework",
				"${TARGET_BUILD_DIR}/${FRAMEWORKS_FOLDER_PATH}/TPKeyboardAvoiding.framework",
				"${TARGET_BUILD_DIR}/${FRAMEWORKS_FOLDER_PATH}/Toaster.framework",
			);
			runOnlyForDeploymentPostprocessing = 0;
			shellPath = /bin/sh;
			shellScript = "\"${SRCROOT}/Pods/Target Support Files/Pods-POSClient/Pods-POSClient-frameworks.sh\"\n";
			showEnvVarsInLog = 0;
		};
		4C7270502E9ED82126C18D2C /* [CP] Check Pods Manifest.lock */ = {
			isa = PBXShellScriptBuildPhase;
			buildActionMask = 2147483647;
			files = (
			);
			inputPaths = (
				"${PODS_PODFILE_DIR_PATH}/Podfile.lock",
				"${PODS_ROOT}/Manifest.lock",
			);
			name = "[CP] Check Pods Manifest.lock";
			outputPaths = (
				"$(DERIVED_FILE_DIR)/Pods-POSClientTests-checkManifestLockResult.txt",
			);
			runOnlyForDeploymentPostprocessing = 0;
			shellPath = /bin/sh;
			shellScript = "diff \"${PODS_PODFILE_DIR_PATH}/Podfile.lock\" \"${PODS_ROOT}/Manifest.lock\" > /dev/null\nif [ $? != 0 ] ; then\n    # print error to STDERR\n    echo \"error: The sandbox is not in sync with the Podfile.lock. Run 'pod install' or update your CocoaPods installation.\" >&2\n    exit 1\nfi\n# This output is used by Xcode 'outputs' to avoid re-running this script phase.\necho \"SUCCESS\" > \"${SCRIPT_OUTPUT_FILE_0}\"\n";
			showEnvVarsInLog = 0;
		};
		D4466B4D0B9D3BAC0165A870 /* [CP] Check Pods Manifest.lock */ = {
			isa = PBXShellScriptBuildPhase;
			buildActionMask = 2147483647;
			files = (
			);
			inputPaths = (
				"${PODS_PODFILE_DIR_PATH}/Podfile.lock",
				"${PODS_ROOT}/Manifest.lock",
			);
			name = "[CP] Check Pods Manifest.lock";
			outputPaths = (
				"$(DERIVED_FILE_DIR)/Pods-POSClient-checkManifestLockResult.txt",
			);
			runOnlyForDeploymentPostprocessing = 0;
			shellPath = /bin/sh;
			shellScript = "diff \"${PODS_PODFILE_DIR_PATH}/Podfile.lock\" \"${PODS_ROOT}/Manifest.lock\" > /dev/null\nif [ $? != 0 ] ; then\n    # print error to STDERR\n    echo \"error: The sandbox is not in sync with the Podfile.lock. Run 'pod install' or update your CocoaPods installation.\" >&2\n    exit 1\nfi\n# This output is used by Xcode 'outputs' to avoid re-running this script phase.\necho \"SUCCESS\" > \"${SCRIPT_OUTPUT_FILE_0}\"\n";
			showEnvVarsInLog = 0;
		};
/* End PBXShellScriptBuildPhase section */

/* Begin PBXSourcesBuildPhase section */
		033A639E2123E02800A2D08B /* Sources */ = {
			isa = PBXSourcesBuildPhase;
			buildActionMask = 2147483647;
			files = (
				0380AAF1212D54FB006B2193 /* SignupViewModel.swift in Sources */,
				03FB7996212FED4200890D72 /* TransactionTableViewCell.swift in Sources */,
				03FB7992212FECA200890D72 /* TransactionCellViewModel.swift in Sources */,
				0380AADD212C2013006B2193 /* AppEvent.swift in Sources */,
				032F7A78212A5A6300AAC753 /* BalanceDetailViewController.swift in Sources */,
				030D5F4621379CEC00EB5B6A /* MainTabBarViewModel.swift in Sources */,
				03C2A6692126A12E00267E7F /* POSClientError.swift in Sources */,
				03C2A66E2126B7F600267E7F /* POSClientManager.swift in Sources */,
				03C2A67D2126BFD500267E7F /* LoadingViewController.swift in Sources */,
				03C2A68F212A318C00267E7F /* BalanceListViewModel.swift in Sources */,
				03FB797A212E6EAD00890D72 /* SignupConfirmationViewController.swift in Sources */,
				03885C132133ADDB00E78F69 /* Biometric.swift in Sources */,
				033A63A62123E02800A2D08B /* AppDelegate.swift in Sources */,
				03C2A67B2126BFBD00267E7F /* LoadingViewModel.swift in Sources */,
				03C2A66121269C2300267E7F /* Theme.swift in Sources */,
				0381C2092137D21100F813E3 /* LoadingView.swift in Sources */,
				032F7A70212A441E00AAC753 /* OmiseGOWrapper.swift in Sources */,
				03C2A66321269CDF00267E7F /* Constant.swift in Sources */,
				0380AAE3212D11DA006B2193 /* QRViewController.swift in Sources */,
				03FB7999212FEDFB00890D72 /* TransactionsPaginator.swift in Sources */,
				03FB798E212FEC9600890D72 /* TransactionsViewController.swift in Sources */,
				03C2A694212A31ED00267E7F /* BalanceTableViewCell.swift in Sources */,
				0380AAD7212BF4F8006B2193 /* Observable.swift in Sources */,
				032F7A72212A474C00AAC753 /* Storyboard.swift in Sources */,
				03A0C00C2135173B00E31833 /* UserDefaultsWrapper.swift in Sources */,
				03FB7982212E9AB800890D72 /* ProfileTableViewModel.swift in Sources */,
				03885C172133B69300E78F69 /* TouchIDConfirmationViewModel.swift in Sources */,
				03FB7991212FECA200890D72 /* TransactionsViewModel.swift in Sources */,
				03C2A65921269AA500267E7F /* BaseViewController.swift in Sources */,
				0380AAE5212D11E5006B2193 /* QRViewModel.swift in Sources */,
				03885C152133B68500E78F69 /* TouchIDConfirmationViewController.swift in Sources */,
				03C2A66021269C2300267E7F /* Extension.swift in Sources */,
				03A0C00A21350FFD00E31833 /* KeychainWrapper.swift in Sources */,
				03C2A65521269A9D00267E7F /* BaseViewModel.swift in Sources */,
				03C2A68D212A317D00267E7F /* BalanceListViewController.swift in Sources */,
				03C2A65F21269C2300267E7F /* CustomView.swift in Sources */,
				03FB799B212FEE2500890D72 /* Paginator.swift in Sources */,
				032F7A76212A478200AAC753 /* AppState.swift in Sources */,
				0380AAE7212D13C3006B2193 /* QRGenerator.swift in Sources */,
				032F7A74212A476400AAC753 /* Closure.swift in Sources */,
				0380AAEF212D54EF006B2193 /* SignupViewController.swift in Sources */,
				032F7A6E212A371000AAC753 /* BalanceCellViewModel.swift in Sources */,
				0380AAD9212C12AF006B2193 /* BalanceNavigationViewController.swift in Sources */,
				032F7A7A212A5A7200AAC753 /* BalanceDetailViewModel.swift in Sources */,
				03C2A65A21269AA500267E7F /* LoginViewController.swift in Sources */,
				0380AADB212C1303006B2193 /* BalanceNavigationViewModel.swift in Sources */,
				03FB7988212FB6D100890D72 /* MainTabBarViewController.swift in Sources */,
				0380AADF212C2347006B2193 /* Publisher.swift in Sources */,
				03FB797C212E6EF800890D72 /* SignupConfirmationViewModel.swift in Sources */,
				03C2A65621269A9D00267E7F /* LoginViewModel.swift in Sources */,
				03FB79B8213011E900890D72 /* BaseNavigationViewController.swift in Sources */,
				03C2A66C2126A25100267E7F /* SessionManager.swift in Sources */,
				03FB7980212E9AA300890D72 /* ProfileTableViewController.swift in Sources */,
				03E5F19421410B100089939D /* BaseViewControllerProtocols.swift in Sources */,
				0381C20B2137DEE200F813E3 /* MBProgressHUDBuilder.swift in Sources */,
			);
			runOnlyForDeploymentPostprocessing = 0;
		};
		033A63B22123E02C00A2D08B /* Sources */ = {
			isa = PBXSourcesBuildPhase;
			buildActionMask = 2147483647;
			files = (
				03E5F18F2140F0E60089939D /* TransactionsPaginatorTests.swift in Sources */,
				0371EA61213D241700BBF92C /* LoginViewModelTests.swift in Sources */,
				0372E3B7213E31590058D0A6 /* BalanceListViewModelTests.swift in Sources */,
				03E5F18C2140E99A0089939D /* TouchIDConfirmationViewModelTests.swift in Sources */,
				03F2C37A213E7CB000BCC867 /* SignupViewModelTests.swift in Sources */,
				0326EF692138F0E80062DBE3 /* TestSessionManager.swift in Sources */,
				03F2C378213E68E600BCC867 /* BalanceNavigationViewModelTests.swift in Sources */,
				0320EB67213F8C15001E711F /* ProfileTableViewModelTests.swift in Sources */,
				0326EF6B2138F6CB0062DBE3 /* StubGenerator.swift in Sources */,
				0320EB69213F9167001E711F /* MainTabBarViewModelTests.swift in Sources */,
				0372E3B9213E41970058D0A6 /* BalanceDetailViewModelTests.swift in Sources */,
				0326EF672138F0BC0062DBE3 /* LoadingViewModelTests.swift in Sources */,
				03E3CEE7213F979500A199C5 /* TransactionsViewModelTests.swift in Sources */,
				03E5F192214103A80089939D /* BaseViewControllerTests.swift in Sources */,
				03E3CEE9213F982A00A199C5 /* TestTransactionLoader.swift in Sources */,
			);
			runOnlyForDeploymentPostprocessing = 0;
		};
/* End PBXSourcesBuildPhase section */

/* Begin PBXTargetDependency section */
		033A63B82123E02C00A2D08B /* PBXTargetDependency */ = {
			isa = PBXTargetDependency;
			target = 033A63A12123E02800A2D08B /* POSClient */;
			targetProxy = 033A63B72123E02C00A2D08B /* PBXContainerItemProxy */;
		};
/* End PBXTargetDependency section */

/* Begin PBXVariantGroup section */
		03C2A6862126C36500267E7F /* Localizable.strings */ = {
			isa = PBXVariantGroup;
			children = (
				03C2A6872126C36500267E7F /* Base */,
			);
			name = Localizable.strings;
			sourceTree = "<group>";
		};
		03FB799C2130105200890D72 /* Loading.storyboard */ = {
			isa = PBXVariantGroup;
			children = (
				03FB799D2130105200890D72 /* Base */,
			);
			name = Loading.storyboard;
			sourceTree = "<group>";
		};
		03FB799E2130105200890D72 /* Balance.storyboard */ = {
			isa = PBXVariantGroup;
			children = (
				03FB799F2130105200890D72 /* Base */,
			);
			name = Balance.storyboard;
			sourceTree = "<group>";
		};
		03FB79A02130105200890D72 /* Login.storyboard */ = {
			isa = PBXVariantGroup;
			children = (
				03FB79A12130105200890D72 /* Base */,
			);
			name = Login.storyboard;
			sourceTree = "<group>";
		};
		03FB79A22130105200890D72 /* QRCode.storyboard */ = {
			isa = PBXVariantGroup;
			children = (
				03FB79A32130105200890D72 /* Base */,
			);
			name = QRCode.storyboard;
			sourceTree = "<group>";
		};
		03FB79A42130105200890D72 /* LaunchScreen.storyboard */ = {
			isa = PBXVariantGroup;
			children = (
				03FB79A52130105200890D72 /* Base */,
			);
			name = LaunchScreen.storyboard;
			sourceTree = "<group>";
		};
		03FB79A62130105300890D72 /* Transaction.storyboard */ = {
			isa = PBXVariantGroup;
			children = (
				03FB79A72130105300890D72 /* Base */,
			);
			name = Transaction.storyboard;
			sourceTree = "<group>";
		};
		03FB79A82130105300890D72 /* MainTabBar.storyboard */ = {
			isa = PBXVariantGroup;
			children = (
				03FB79A92130105300890D72 /* Base */,
			);
			name = MainTabBar.storyboard;
			sourceTree = "<group>";
		};
		03FB79AA2130105300890D72 /* Profile.storyboard */ = {
			isa = PBXVariantGroup;
			children = (
				03FB79AB2130105300890D72 /* Base */,
			);
			name = Profile.storyboard;
			sourceTree = "<group>";
		};
		03FB79AC2130105300890D72 /* Signup.storyboard */ = {
			isa = PBXVariantGroup;
			children = (
				03FB79AD2130105300890D72 /* Base */,
			);
			name = Signup.storyboard;
			sourceTree = "<group>";
		};
/* End PBXVariantGroup section */

/* Begin XCBuildConfiguration section */
		033A63BD2123E02C00A2D08B /* Debug */ = {
			isa = XCBuildConfiguration;
			buildSettings = {
				ALWAYS_SEARCH_USER_PATHS = NO;
				CLANG_ANALYZER_NONNULL = YES;
				CLANG_ANALYZER_NUMBER_OBJECT_CONVERSION = YES_AGGRESSIVE;
				CLANG_CXX_LANGUAGE_STANDARD = "gnu++14";
				CLANG_CXX_LIBRARY = "libc++";
				CLANG_ENABLE_MODULES = YES;
				CLANG_ENABLE_OBJC_ARC = YES;
				CLANG_ENABLE_OBJC_WEAK = YES;
				CLANG_WARN_BLOCK_CAPTURE_AUTORELEASING = YES;
				CLANG_WARN_BOOL_CONVERSION = YES;
				CLANG_WARN_COMMA = YES;
				CLANG_WARN_CONSTANT_CONVERSION = YES;
				CLANG_WARN_DEPRECATED_OBJC_IMPLEMENTATIONS = YES;
				CLANG_WARN_DIRECT_OBJC_ISA_USAGE = YES_ERROR;
				CLANG_WARN_DOCUMENTATION_COMMENTS = YES;
				CLANG_WARN_EMPTY_BODY = YES;
				CLANG_WARN_ENUM_CONVERSION = YES;
				CLANG_WARN_INFINITE_RECURSION = YES;
				CLANG_WARN_INT_CONVERSION = YES;
				CLANG_WARN_NON_LITERAL_NULL_CONVERSION = YES;
				CLANG_WARN_OBJC_IMPLICIT_RETAIN_SELF = YES;
				CLANG_WARN_OBJC_LITERAL_CONVERSION = YES;
				CLANG_WARN_OBJC_ROOT_CLASS = YES_ERROR;
				CLANG_WARN_RANGE_LOOP_ANALYSIS = YES;
				CLANG_WARN_STRICT_PROTOTYPES = YES;
				CLANG_WARN_SUSPICIOUS_MOVE = YES;
				CLANG_WARN_UNGUARDED_AVAILABILITY = YES_AGGRESSIVE;
				CLANG_WARN_UNREACHABLE_CODE = YES;
				CLANG_WARN__DUPLICATE_METHOD_MATCH = YES;
				CODE_SIGN_IDENTITY = "iPhone Developer";
				COPY_PHASE_STRIP = NO;
				DEBUG_INFORMATION_FORMAT = dwarf;
				ENABLE_STRICT_OBJC_MSGSEND = YES;
				ENABLE_TESTABILITY = YES;
				GCC_C_LANGUAGE_STANDARD = gnu11;
				GCC_DYNAMIC_NO_PIC = NO;
				GCC_NO_COMMON_BLOCKS = YES;
				GCC_OPTIMIZATION_LEVEL = 0;
				GCC_PREPROCESSOR_DEFINITIONS = (
					"DEBUG=1",
					"$(inherited)",
				);
				GCC_WARN_64_TO_32_BIT_CONVERSION = YES;
				GCC_WARN_ABOUT_RETURN_TYPE = YES_ERROR;
				GCC_WARN_UNDECLARED_SELECTOR = YES;
				GCC_WARN_UNINITIALIZED_AUTOS = YES_AGGRESSIVE;
				GCC_WARN_UNUSED_FUNCTION = YES;
				GCC_WARN_UNUSED_VARIABLE = YES;
				IPHONEOS_DEPLOYMENT_TARGET = 11.4;
				MTL_ENABLE_DEBUG_INFO = YES;
				ONLY_ACTIVE_ARCH = YES;
				SDKROOT = iphoneos;
				SWIFT_ACTIVE_COMPILATION_CONDITIONS = DEBUG;
				SWIFT_OPTIMIZATION_LEVEL = "-Onone";
			};
			name = Debug;
		};
		033A63BE2123E02C00A2D08B /* Release */ = {
			isa = XCBuildConfiguration;
			buildSettings = {
				ALWAYS_SEARCH_USER_PATHS = NO;
				CLANG_ANALYZER_NONNULL = YES;
				CLANG_ANALYZER_NUMBER_OBJECT_CONVERSION = YES_AGGRESSIVE;
				CLANG_CXX_LANGUAGE_STANDARD = "gnu++14";
				CLANG_CXX_LIBRARY = "libc++";
				CLANG_ENABLE_MODULES = YES;
				CLANG_ENABLE_OBJC_ARC = YES;
				CLANG_ENABLE_OBJC_WEAK = YES;
				CLANG_WARN_BLOCK_CAPTURE_AUTORELEASING = YES;
				CLANG_WARN_BOOL_CONVERSION = YES;
				CLANG_WARN_COMMA = YES;
				CLANG_WARN_CONSTANT_CONVERSION = YES;
				CLANG_WARN_DEPRECATED_OBJC_IMPLEMENTATIONS = YES;
				CLANG_WARN_DIRECT_OBJC_ISA_USAGE = YES_ERROR;
				CLANG_WARN_DOCUMENTATION_COMMENTS = YES;
				CLANG_WARN_EMPTY_BODY = YES;
				CLANG_WARN_ENUM_CONVERSION = YES;
				CLANG_WARN_INFINITE_RECURSION = YES;
				CLANG_WARN_INT_CONVERSION = YES;
				CLANG_WARN_NON_LITERAL_NULL_CONVERSION = YES;
				CLANG_WARN_OBJC_IMPLICIT_RETAIN_SELF = YES;
				CLANG_WARN_OBJC_LITERAL_CONVERSION = YES;
				CLANG_WARN_OBJC_ROOT_CLASS = YES_ERROR;
				CLANG_WARN_RANGE_LOOP_ANALYSIS = YES;
				CLANG_WARN_STRICT_PROTOTYPES = YES;
				CLANG_WARN_SUSPICIOUS_MOVE = YES;
				CLANG_WARN_UNGUARDED_AVAILABILITY = YES_AGGRESSIVE;
				CLANG_WARN_UNREACHABLE_CODE = YES;
				CLANG_WARN__DUPLICATE_METHOD_MATCH = YES;
				CODE_SIGN_IDENTITY = "iPhone Developer";
				COPY_PHASE_STRIP = NO;
				DEBUG_INFORMATION_FORMAT = "dwarf-with-dsym";
				ENABLE_NS_ASSERTIONS = NO;
				ENABLE_STRICT_OBJC_MSGSEND = YES;
				GCC_C_LANGUAGE_STANDARD = gnu11;
				GCC_NO_COMMON_BLOCKS = YES;
				GCC_WARN_64_TO_32_BIT_CONVERSION = YES;
				GCC_WARN_ABOUT_RETURN_TYPE = YES_ERROR;
				GCC_WARN_UNDECLARED_SELECTOR = YES;
				GCC_WARN_UNINITIALIZED_AUTOS = YES_AGGRESSIVE;
				GCC_WARN_UNUSED_FUNCTION = YES;
				GCC_WARN_UNUSED_VARIABLE = YES;
				IPHONEOS_DEPLOYMENT_TARGET = 11.4;
				MTL_ENABLE_DEBUG_INFO = NO;
				SDKROOT = iphoneos;
				SWIFT_COMPILATION_MODE = wholemodule;
				SWIFT_OPTIMIZATION_LEVEL = "-O";
				VALIDATE_PRODUCT = YES;
			};
			name = Release;
		};
		033A63C02123E02C00A2D08B /* Debug */ = {
			isa = XCBuildConfiguration;
			baseConfigurationReference = 2DBD3DE3387D7ECEBF01D9CA /* Pods-POSClient.debug.xcconfig */;
			buildSettings = {
				ASSETCATALOG_COMPILER_APPICON_NAME = AppIcon;
				CODE_SIGN_STYLE = Automatic;
				INFOPLIST_FILE = "$(SRCROOT)/POSClient/Info.plist";
				IPHONEOS_DEPLOYMENT_TARGET = 11.0;
				LD_RUNPATH_SEARCH_PATHS = (
					"$(inherited)",
					"@executable_path/Frameworks",
				);
				PRODUCT_BUNDLE_IDENTIFIER = com.omisego.POSClient;
				PRODUCT_NAME = "$(TARGET_NAME)";
				SWIFT_VERSION = 4.0;
				TARGETED_DEVICE_FAMILY = 1;
			};
			name = Debug;
		};
		033A63C12123E02C00A2D08B /* Release */ = {
			isa = XCBuildConfiguration;
			baseConfigurationReference = 7EEF31A6920B3245B8084DFE /* Pods-POSClient.release.xcconfig */;
			buildSettings = {
				ASSETCATALOG_COMPILER_APPICON_NAME = AppIcon;
				CODE_SIGN_STYLE = Automatic;
				INFOPLIST_FILE = "$(SRCROOT)/POSClient/Info.plist";
				IPHONEOS_DEPLOYMENT_TARGET = 11.0;
				LD_RUNPATH_SEARCH_PATHS = (
					"$(inherited)",
					"@executable_path/Frameworks",
				);
				PRODUCT_BUNDLE_IDENTIFIER = com.omisego.POSClient;
				PRODUCT_NAME = "$(TARGET_NAME)";
				SWIFT_VERSION = 4.0;
				TARGETED_DEVICE_FAMILY = 1;
			};
			name = Release;
		};
		033A63C32123E02C00A2D08B /* Debug */ = {
			isa = XCBuildConfiguration;
			baseConfigurationReference = 8A7F26391BB5B765ADACB11F /* Pods-POSClientTests.debug.xcconfig */;
			buildSettings = {
				ALWAYS_EMBED_SWIFT_STANDARD_LIBRARIES = YES;
				BUNDLE_LOADER = "$(TEST_HOST)";
				CLANG_ENABLE_MODULES = YES;
				CODE_SIGN_STYLE = Automatic;
				INFOPLIST_FILE = POSClientTests/Info.plist;
				LD_RUNPATH_SEARCH_PATHS = (
					"$(inherited)",
					"@executable_path/Frameworks",
					"@loader_path/Frameworks",
				);
				PRODUCT_BUNDLE_IDENTIFIER = com.omisego.POSClientTests;
				PRODUCT_NAME = "$(TARGET_NAME)";
				SWIFT_OPTIMIZATION_LEVEL = "-Onone";
				SWIFT_VERSION = 4.0;
				TARGETED_DEVICE_FAMILY = "1,2";
				TEST_HOST = "$(BUILT_PRODUCTS_DIR)/POSClient.app/POSClient";
			};
			name = Debug;
		};
		033A63C42123E02C00A2D08B /* Release */ = {
			isa = XCBuildConfiguration;
			baseConfigurationReference = 1AFBE851E5E6123AFC830E08 /* Pods-POSClientTests.release.xcconfig */;
			buildSettings = {
				ALWAYS_EMBED_SWIFT_STANDARD_LIBRARIES = YES;
				BUNDLE_LOADER = "$(TEST_HOST)";
				CLANG_ENABLE_MODULES = YES;
				CODE_SIGN_STYLE = Automatic;
				INFOPLIST_FILE = POSClientTests/Info.plist;
				LD_RUNPATH_SEARCH_PATHS = (
					"$(inherited)",
					"@executable_path/Frameworks",
					"@loader_path/Frameworks",
				);
				PRODUCT_BUNDLE_IDENTIFIER = com.omisego.POSClientTests;
				PRODUCT_NAME = "$(TARGET_NAME)";
				SWIFT_VERSION = 4.0;
				TARGETED_DEVICE_FAMILY = "1,2";
				TEST_HOST = "$(BUILT_PRODUCTS_DIR)/POSClient.app/POSClient";
			};
			name = Release;
		};
/* End XCBuildConfiguration section */

/* Begin XCConfigurationList section */
		033A639D2123E02800A2D08B /* Build configuration list for PBXProject "POSClient" */ = {
			isa = XCConfigurationList;
			buildConfigurations = (
				033A63BD2123E02C00A2D08B /* Debug */,
				033A63BE2123E02C00A2D08B /* Release */,
			);
			defaultConfigurationIsVisible = 0;
			defaultConfigurationName = Release;
		};
		033A63BF2123E02C00A2D08B /* Build configuration list for PBXNativeTarget "POSClient" */ = {
			isa = XCConfigurationList;
			buildConfigurations = (
				033A63C02123E02C00A2D08B /* Debug */,
				033A63C12123E02C00A2D08B /* Release */,
			);
			defaultConfigurationIsVisible = 0;
			defaultConfigurationName = Release;
		};
		033A63C22123E02C00A2D08B /* Build configuration list for PBXNativeTarget "POSClientTests" */ = {
			isa = XCConfigurationList;
			buildConfigurations = (
				033A63C32123E02C00A2D08B /* Debug */,
				033A63C42123E02C00A2D08B /* Release */,
			);
			defaultConfigurationIsVisible = 0;
			defaultConfigurationName = Release;
		};
/* End XCConfigurationList section */
	};
	rootObject = 033A639A2123E02800A2D08B /* Project object */;
}
