// !$*UTF8*$!
{
	archiveVersion = 1;
	classes = {
	};
	objectVersion = 50;
	objects = {

/* Begin PBXBuildFile section */
		033A63A62123E02800A2D08B /* AppDelegate.swift in Sources */ = {isa = PBXBuildFile; fileRef = 033A63A52123E02800A2D08B /* AppDelegate.swift */; };
		033A63BB2123E02C00A2D08B /* POSClientTests.swift in Sources */ = {isa = PBXBuildFile; fileRef = 033A63BA2123E02C00A2D08B /* POSClientTests.swift */; };
		033A63CA2123E2CB00A2D08B /* LaunchScreen.storyboard in Resources */ = {isa = PBXBuildFile; fileRef = 033A63C62123E2CB00A2D08B /* LaunchScreen.storyboard */; };
		033A63CB2123E2CB00A2D08B /* Assets.xcassets in Resources */ = {isa = PBXBuildFile; fileRef = 033A63C92123E2CB00A2D08B /* Assets.xcassets */; };
		03C2A6502126971F00267E7F /* Login.storyboard in Resources */ = {isa = PBXBuildFile; fileRef = 03C2A64E2126971F00267E7F /* Login.storyboard */; };
		03C2A65521269A9D00267E7F /* BaseViewModel.swift in Sources */ = {isa = PBXBuildFile; fileRef = 03C2A65321269A9D00267E7F /* BaseViewModel.swift */; };
		03C2A65621269A9D00267E7F /* LoginViewModel.swift in Sources */ = {isa = PBXBuildFile; fileRef = 03C2A65421269A9D00267E7F /* LoginViewModel.swift */; };
		03C2A65921269AA500267E7F /* BaseViewController.swift in Sources */ = {isa = PBXBuildFile; fileRef = 03C2A65721269AA500267E7F /* BaseViewController.swift */; };
		03C2A65A21269AA500267E7F /* LoginViewController.swift in Sources */ = {isa = PBXBuildFile; fileRef = 03C2A65821269AA500267E7F /* LoginViewController.swift */; };
		03C2A65F21269C2300267E7F /* CustomView.swift in Sources */ = {isa = PBXBuildFile; fileRef = 03C2A65C21269C2300267E7F /* CustomView.swift */; };
		03C2A66021269C2300267E7F /* Extension.swift in Sources */ = {isa = PBXBuildFile; fileRef = 03C2A65D21269C2300267E7F /* Extension.swift */; };
		03C2A66121269C2300267E7F /* Theme.swift in Sources */ = {isa = PBXBuildFile; fileRef = 03C2A65E21269C2300267E7F /* Theme.swift */; };
		03C2A66321269CDF00267E7F /* Constant.swift in Sources */ = {isa = PBXBuildFile; fileRef = 03C2A66221269CDF00267E7F /* Constant.swift */; };
		03C2A6692126A12E00267E7F /* POSClientError.swift in Sources */ = {isa = PBXBuildFile; fileRef = 03C2A6682126A12E00267E7F /* POSClientError.swift */; };
		03C2A66C2126A25100267E7F /* SessionManager.swift in Sources */ = {isa = PBXBuildFile; fileRef = 03C2A66B2126A25100267E7F /* SessionManager.swift */; };
		03C2A66E2126B7F600267E7F /* POSClientManager.swift in Sources */ = {isa = PBXBuildFile; fileRef = 03C2A66D2126B7F600267E7F /* POSClientManager.swift */; };
		03C2A67B2126BFBD00267E7F /* LoadingViewModel.swift in Sources */ = {isa = PBXBuildFile; fileRef = 03C2A67A2126BFBD00267E7F /* LoadingViewModel.swift */; };
		03C2A67D2126BFD500267E7F /* LoadingViewController.swift in Sources */ = {isa = PBXBuildFile; fileRef = 03C2A67C2126BFD500267E7F /* LoadingViewController.swift */; };
		03C2A6802126C0B100267E7F /* Main.storyboard in Resources */ = {isa = PBXBuildFile; fileRef = 03C2A67E2126C0B100267E7F /* Main.storyboard */; };
		03C2A6832126C0BD00267E7F /* Loading.storyboard in Resources */ = {isa = PBXBuildFile; fileRef = 03C2A6812126C0BD00267E7F /* Loading.storyboard */; };
		03C2A6852126C0F200267E7F /* MainViewController.swift in Sources */ = {isa = PBXBuildFile; fileRef = 03C2A6842126C0F200267E7F /* MainViewController.swift */; };
		03C2A6882126C36500267E7F /* Localizable.strings in Resources */ = {isa = PBXBuildFile; fileRef = 03C2A6862126C36500267E7F /* Localizable.strings */; };
		8F7CD18379BACA135DA25E81 /* Pods_POSClient.framework in Frameworks */ = {isa = PBXBuildFile; fileRef = 3008B28886DD7DF3D7EC831E /* Pods_POSClient.framework */; };
		AA1F0153D21BBE2609A9B607 /* Pods_POSClientTests.framework in Frameworks */ = {isa = PBXBuildFile; fileRef = C97FF7E1851BCB9015E8D889 /* Pods_POSClientTests.framework */; };
/* End PBXBuildFile section */

/* Begin PBXContainerItemProxy section */
		033A63B72123E02C00A2D08B /* PBXContainerItemProxy */ = {
			isa = PBXContainerItemProxy;
			containerPortal = 033A639A2123E02800A2D08B /* Project object */;
			proxyType = 1;
			remoteGlobalIDString = 033A63A12123E02800A2D08B;
			remoteInfo = POSClient;
		};
/* End PBXContainerItemProxy section */

/* Begin PBXFileReference section */
		033A63A22123E02800A2D08B /* POSClient.app */ = {isa = PBXFileReference; explicitFileType = wrapper.application; includeInIndex = 0; path = POSClient.app; sourceTree = BUILT_PRODUCTS_DIR; };
		033A63A52123E02800A2D08B /* AppDelegate.swift */ = {isa = PBXFileReference; lastKnownFileType = sourcecode.swift; path = AppDelegate.swift; sourceTree = "<group>"; };
		033A63B12123E02C00A2D08B /* Info.plist */ = {isa = PBXFileReference; lastKnownFileType = text.plist.xml; path = Info.plist; sourceTree = "<group>"; };
		033A63B62123E02C00A2D08B /* POSClientTests.xctest */ = {isa = PBXFileReference; explicitFileType = wrapper.cfbundle; includeInIndex = 0; path = POSClientTests.xctest; sourceTree = BUILT_PRODUCTS_DIR; };
		033A63BA2123E02C00A2D08B /* POSClientTests.swift */ = {isa = PBXFileReference; lastKnownFileType = sourcecode.swift; path = POSClientTests.swift; sourceTree = "<group>"; };
		033A63BC2123E02C00A2D08B /* Info.plist */ = {isa = PBXFileReference; lastKnownFileType = text.plist.xml; path = Info.plist; sourceTree = "<group>"; };
		033A63C72123E2CB00A2D08B /* Base */ = {isa = PBXFileReference; lastKnownFileType = file.storyboard; name = Base; path = Base.lproj/LaunchScreen.storyboard; sourceTree = "<group>"; };
		033A63C92123E2CB00A2D08B /* Assets.xcassets */ = {isa = PBXFileReference; lastKnownFileType = folder.assetcatalog; path = Assets.xcassets; sourceTree = "<group>"; };
		03C2A64F2126971F00267E7F /* Base */ = {isa = PBXFileReference; lastKnownFileType = file.storyboard; name = Base; path = Base.lproj/Login.storyboard; sourceTree = "<group>"; };
		03C2A65321269A9D00267E7F /* BaseViewModel.swift */ = {isa = PBXFileReference; fileEncoding = 4; lastKnownFileType = sourcecode.swift; path = BaseViewModel.swift; sourceTree = "<group>"; };
		03C2A65421269A9D00267E7F /* LoginViewModel.swift */ = {isa = PBXFileReference; fileEncoding = 4; lastKnownFileType = sourcecode.swift; path = LoginViewModel.swift; sourceTree = "<group>"; };
		03C2A65721269AA500267E7F /* BaseViewController.swift */ = {isa = PBXFileReference; fileEncoding = 4; lastKnownFileType = sourcecode.swift; path = BaseViewController.swift; sourceTree = "<group>"; };
		03C2A65821269AA500267E7F /* LoginViewController.swift */ = {isa = PBXFileReference; fileEncoding = 4; lastKnownFileType = sourcecode.swift; path = LoginViewController.swift; sourceTree = "<group>"; };
		03C2A65C21269C2300267E7F /* CustomView.swift */ = {isa = PBXFileReference; fileEncoding = 4; lastKnownFileType = sourcecode.swift; path = CustomView.swift; sourceTree = "<group>"; };
		03C2A65D21269C2300267E7F /* Extension.swift */ = {isa = PBXFileReference; fileEncoding = 4; lastKnownFileType = sourcecode.swift; path = Extension.swift; sourceTree = "<group>"; };
		03C2A65E21269C2300267E7F /* Theme.swift */ = {isa = PBXFileReference; fileEncoding = 4; lastKnownFileType = sourcecode.swift; path = Theme.swift; sourceTree = "<group>"; };
		03C2A66221269CDF00267E7F /* Constant.swift */ = {isa = PBXFileReference; lastKnownFileType = sourcecode.swift; path = Constant.swift; sourceTree = "<group>"; };
		03C2A6682126A12E00267E7F /* POSClientError.swift */ = {isa = PBXFileReference; lastKnownFileType = sourcecode.swift; path = POSClientError.swift; sourceTree = "<group>"; };
		03C2A66B2126A25100267E7F /* SessionManager.swift */ = {isa = PBXFileReference; lastKnownFileType = sourcecode.swift; path = SessionManager.swift; sourceTree = "<group>"; };
		03C2A66D2126B7F600267E7F /* POSClientManager.swift */ = {isa = PBXFileReference; lastKnownFileType = sourcecode.swift; path = POSClientManager.swift; sourceTree = "<group>"; };
		03C2A67A2126BFBD00267E7F /* LoadingViewModel.swift */ = {isa = PBXFileReference; lastKnownFileType = sourcecode.swift; path = LoadingViewModel.swift; sourceTree = "<group>"; };
		03C2A67C2126BFD500267E7F /* LoadingViewController.swift */ = {isa = PBXFileReference; fileEncoding = 4; lastKnownFileType = sourcecode.swift; path = LoadingViewController.swift; sourceTree = "<group>"; };
		03C2A67F2126C0B100267E7F /* Base */ = {isa = PBXFileReference; lastKnownFileType = file.storyboard; name = Base; path = Base.lproj/Main.storyboard; sourceTree = "<group>"; };
		03C2A6822126C0BD00267E7F /* Base */ = {isa = PBXFileReference; lastKnownFileType = file.storyboard; name = Base; path = Base.lproj/Loading.storyboard; sourceTree = "<group>"; };
		03C2A6842126C0F200267E7F /* MainViewController.swift */ = {isa = PBXFileReference; lastKnownFileType = sourcecode.swift; path = MainViewController.swift; sourceTree = "<group>"; };
		03C2A6872126C36500267E7F /* Base */ = {isa = PBXFileReference; lastKnownFileType = text.plist.strings; name = Base; path = Base.lproj/Localizable.strings; sourceTree = "<group>"; };
		1AFBE851E5E6123AFC830E08 /* Pods-POSClientTests.release.xcconfig */ = {isa = PBXFileReference; includeInIndex = 1; lastKnownFileType = text.xcconfig; name = "Pods-POSClientTests.release.xcconfig"; path = "Pods/Target Support Files/Pods-POSClientTests/Pods-POSClientTests.release.xcconfig"; sourceTree = "<group>"; };
		2DBD3DE3387D7ECEBF01D9CA /* Pods-POSClient.debug.xcconfig */ = {isa = PBXFileReference; includeInIndex = 1; lastKnownFileType = text.xcconfig; name = "Pods-POSClient.debug.xcconfig"; path = "Pods/Target Support Files/Pods-POSClient/Pods-POSClient.debug.xcconfig"; sourceTree = "<group>"; };
		3008B28886DD7DF3D7EC831E /* Pods_POSClient.framework */ = {isa = PBXFileReference; explicitFileType = wrapper.framework; includeInIndex = 0; path = Pods_POSClient.framework; sourceTree = BUILT_PRODUCTS_DIR; };
		7EEF31A6920B3245B8084DFE /* Pods-POSClient.release.xcconfig */ = {isa = PBXFileReference; includeInIndex = 1; lastKnownFileType = text.xcconfig; name = "Pods-POSClient.release.xcconfig"; path = "Pods/Target Support Files/Pods-POSClient/Pods-POSClient.release.xcconfig"; sourceTree = "<group>"; };
		8A7F26391BB5B765ADACB11F /* Pods-POSClientTests.debug.xcconfig */ = {isa = PBXFileReference; includeInIndex = 1; lastKnownFileType = text.xcconfig; name = "Pods-POSClientTests.debug.xcconfig"; path = "Pods/Target Support Files/Pods-POSClientTests/Pods-POSClientTests.debug.xcconfig"; sourceTree = "<group>"; };
		C97FF7E1851BCB9015E8D889 /* Pods_POSClientTests.framework */ = {isa = PBXFileReference; explicitFileType = wrapper.framework; includeInIndex = 0; path = Pods_POSClientTests.framework; sourceTree = BUILT_PRODUCTS_DIR; };
/* End PBXFileReference section */

/* Begin PBXFrameworksBuildPhase section */
		033A639F2123E02800A2D08B /* Frameworks */ = {
			isa = PBXFrameworksBuildPhase;
			buildActionMask = 2147483647;
			files = (
				8F7CD18379BACA135DA25E81 /* Pods_POSClient.framework in Frameworks */,
			);
			runOnlyForDeploymentPostprocessing = 0;
		};
		033A63B32123E02C00A2D08B /* Frameworks */ = {
			isa = PBXFrameworksBuildPhase;
			buildActionMask = 2147483647;
			files = (
				AA1F0153D21BBE2609A9B607 /* Pods_POSClientTests.framework in Frameworks */,
			);
			runOnlyForDeploymentPostprocessing = 0;
		};
/* End PBXFrameworksBuildPhase section */

/* Begin PBXGroup section */
		033A63992123E02800A2D08B = {
			isa = PBXGroup;
			children = (
				033A63A42123E02800A2D08B /* POSClient */,
				033A63B92123E02C00A2D08B /* POSClientTests */,
				033A63A32123E02800A2D08B /* Products */,
				CB274166AD40161B88843214 /* Pods */,
				5DD655487C5103B667D646D3 /* Frameworks */,
			);
			sourceTree = "<group>";
		};
		033A63A32123E02800A2D08B /* Products */ = {
			isa = PBXGroup;
			children = (
				033A63A22123E02800A2D08B /* POSClient.app */,
				033A63B62123E02C00A2D08B /* POSClientTests.xctest */,
			);
			name = Products;
			sourceTree = "<group>";
		};
		033A63A42123E02800A2D08B /* POSClient */ = {
			isa = PBXGroup;
			children = (
				03C2A6862126C36500267E7F /* Localizable.strings */,
				03C2A66A2126A1BC00267E7F /* Managers */,
				03C2A6672126A11C00267E7F /* Models */,
				03C2A65B21269C2300267E7F /* Helpers */,
				033A63C82123E2CB00A2D08B /* Assets */,
				033A63C52123E2CB00A2D08B /* Storyboards */,
				03C2A65121269A6700267E7F /* ViewControllers */,
				03C2A65221269A6800267E7F /* ViewModels */,
				033A63A52123E02800A2D08B /* AppDelegate.swift */,
				033A63B12123E02C00A2D08B /* Info.plist */,
			);
			path = POSClient;
			sourceTree = "<group>";
		};
		033A63B92123E02C00A2D08B /* POSClientTests */ = {
			isa = PBXGroup;
			children = (
				033A63BA2123E02C00A2D08B /* POSClientTests.swift */,
				033A63BC2123E02C00A2D08B /* Info.plist */,
			);
			path = POSClientTests;
			sourceTree = "<group>";
		};
		033A63C52123E2CB00A2D08B /* Storyboards */ = {
			isa = PBXGroup;
			children = (
				033A63C62123E2CB00A2D08B /* LaunchScreen.storyboard */,
				03C2A64E2126971F00267E7F /* Login.storyboard */,
				03C2A6812126C0BD00267E7F /* Loading.storyboard */,
				03C2A67E2126C0B100267E7F /* Main.storyboard */,
			);
			path = Storyboards;
			sourceTree = "<group>";
		};
		033A63C82123E2CB00A2D08B /* Assets */ = {
			isa = PBXGroup;
			children = (
				033A63C92123E2CB00A2D08B /* Assets.xcassets */,
			);
			path = Assets;
			sourceTree = "<group>";
		};
		03C2A65121269A6700267E7F /* ViewControllers */ = {
			isa = PBXGroup;
			children = (
				03C2A65721269AA500267E7F /* BaseViewController.swift */,
				03C2A65821269AA500267E7F /* LoginViewController.swift */,
				03C2A67C2126BFD500267E7F /* LoadingViewController.swift */,
				03C2A6842126C0F200267E7F /* MainViewController.swift */,
			);
			path = ViewControllers;
			sourceTree = "<group>";
		};
		03C2A65221269A6800267E7F /* ViewModels */ = {
			isa = PBXGroup;
			children = (
				03C2A65321269A9D00267E7F /* BaseViewModel.swift */,
				03C2A65421269A9D00267E7F /* LoginViewModel.swift */,
				03C2A67A2126BFBD00267E7F /* LoadingViewModel.swift */,
			);
			path = ViewModels;
			sourceTree = "<group>";
		};
		03C2A65B21269C2300267E7F /* Helpers */ = {
			isa = PBXGroup;
			children = (
				03C2A65C21269C2300267E7F /* CustomView.swift */,
				03C2A65D21269C2300267E7F /* Extension.swift */,
				03C2A65E21269C2300267E7F /* Theme.swift */,
				03C2A66221269CDF00267E7F /* Constant.swift */,
			);
			path = Helpers;
			sourceTree = "<group>";
		};
		03C2A6672126A11C00267E7F /* Models */ = {
			isa = PBXGroup;
			children = (
				03C2A6682126A12E00267E7F /* POSClientError.swift */,
			);
			path = Models;
			sourceTree = "<group>";
		};
		03C2A66A2126A1BC00267E7F /* Managers */ = {
			isa = PBXGroup;
			children = (
				03C2A66B2126A25100267E7F /* SessionManager.swift */,
				03C2A66D2126B7F600267E7F /* POSClientManager.swift */,
			);
			path = Managers;
			sourceTree = "<group>";
		};
		5DD655487C5103B667D646D3 /* Frameworks */ = {
			isa = PBXGroup;
			children = (
				3008B28886DD7DF3D7EC831E /* Pods_POSClient.framework */,
				C97FF7E1851BCB9015E8D889 /* Pods_POSClientTests.framework */,
			);
			name = Frameworks;
			sourceTree = "<group>";
		};
		CB274166AD40161B88843214 /* Pods */ = {
			isa = PBXGroup;
			children = (
				2DBD3DE3387D7ECEBF01D9CA /* Pods-POSClient.debug.xcconfig */,
				7EEF31A6920B3245B8084DFE /* Pods-POSClient.release.xcconfig */,
				8A7F26391BB5B765ADACB11F /* Pods-POSClientTests.debug.xcconfig */,
				1AFBE851E5E6123AFC830E08 /* Pods-POSClientTests.release.xcconfig */,
			);
			name = Pods;
			sourceTree = "<group>";
		};
/* End PBXGroup section */

/* Begin PBXNativeTarget section */
		033A63A12123E02800A2D08B /* POSClient */ = {
			isa = PBXNativeTarget;
			buildConfigurationList = 033A63BF2123E02C00A2D08B /* Build configuration list for PBXNativeTarget "POSClient" */;
			buildPhases = (
				D4466B4D0B9D3BAC0165A870 /* [CP] Check Pods Manifest.lock */,
				033A639E2123E02800A2D08B /* Sources */,
				033A639F2123E02800A2D08B /* Frameworks */,
				033A63A02123E02800A2D08B /* Resources */,
				4A62CB5863EDACE05E92A639 /* [CP] Embed Pods Frameworks */,
				033A63CC2123E93400A2D08B /* ShellScript */,
			);
			buildRules = (
			);
			dependencies = (
			);
			name = POSClient;
			productName = POSClient;
			productReference = 033A63A22123E02800A2D08B /* POSClient.app */;
			productType = "com.apple.product-type.application";
		};
		033A63B52123E02C00A2D08B /* POSClientTests */ = {
			isa = PBXNativeTarget;
			buildConfigurationList = 033A63C22123E02C00A2D08B /* Build configuration list for PBXNativeTarget "POSClientTests" */;
			buildPhases = (
				4C7270502E9ED82126C18D2C /* [CP] Check Pods Manifest.lock */,
				033A63B22123E02C00A2D08B /* Sources */,
				033A63B32123E02C00A2D08B /* Frameworks */,
				033A63B42123E02C00A2D08B /* Resources */,
			);
			buildRules = (
			);
			dependencies = (
				033A63B82123E02C00A2D08B /* PBXTargetDependency */,
			);
			name = POSClientTests;
			productName = POSClientTests;
			productReference = 033A63B62123E02C00A2D08B /* POSClientTests.xctest */;
			productType = "com.apple.product-type.bundle.unit-test";
		};
/* End PBXNativeTarget section */

/* Begin PBXProject section */
		033A639A2123E02800A2D08B /* Project object */ = {
			isa = PBXProject;
			attributes = {
				LastSwiftUpdateCheck = 0940;
				LastUpgradeCheck = 0940;
				ORGANIZATIONNAME = "Omise Go Pte. Ltd.";
				TargetAttributes = {
					033A63A12123E02800A2D08B = {
						CreatedOnToolsVersion = 9.4.1;
					};
					033A63B52123E02C00A2D08B = {
						CreatedOnToolsVersion = 9.4.1;
						TestTargetID = 033A63A12123E02800A2D08B;
					};
				};
			};
			buildConfigurationList = 033A639D2123E02800A2D08B /* Build configuration list for PBXProject "POSClient" */;
			compatibilityVersion = "Xcode 9.3";
			developmentRegion = en;
			hasScannedForEncodings = 0;
			knownRegions = (
				en,
				Base,
			);
			mainGroup = 033A63992123E02800A2D08B;
			productRefGroup = 033A63A32123E02800A2D08B /* Products */;
			projectDirPath = "";
			projectRoot = "";
			targets = (
				033A63A12123E02800A2D08B /* POSClient */,
				033A63B52123E02C00A2D08B /* POSClientTests */,
			);
		};
/* End PBXProject section */

/* Begin PBXResourcesBuildPhase section */
		033A63A02123E02800A2D08B /* Resources */ = {
			isa = PBXResourcesBuildPhase;
			buildActionMask = 2147483647;
			files = (
				033A63CB2123E2CB00A2D08B /* Assets.xcassets in Resources */,
				03C2A6882126C36500267E7F /* Localizable.strings in Resources */,
				033A63CA2123E2CB00A2D08B /* LaunchScreen.storyboard in Resources */,
				03C2A6832126C0BD00267E7F /* Loading.storyboard in Resources */,
				03C2A6802126C0B100267E7F /* Main.storyboard in Resources */,
				03C2A6502126971F00267E7F /* Login.storyboard in Resources */,
			);
			runOnlyForDeploymentPostprocessing = 0;
		};
		033A63B42123E02C00A2D08B /* Resources */ = {
			isa = PBXResourcesBuildPhase;
			buildActionMask = 2147483647;
			files = (
			);
			runOnlyForDeploymentPostprocessing = 0;
		};
/* End PBXResourcesBuildPhase section */

/* Begin PBXShellScriptBuildPhase section */
		033A63CC2123E93400A2D08B /* ShellScript */ = {
			isa = PBXShellScriptBuildPhase;
			buildActionMask = 2147483647;
			files = (
			);
			inputPaths = (
			);
			outputPaths = (
			);
			runOnlyForDeploymentPostprocessing = 0;
			shellPath = /bin/sh;
			shellScript = "if which swiftlint >/dev/null; then\nswiftlint lint\nswiftlint lint --config .swiftlint-test.yml\nelse\necho \"warning: SwiftLint not installed, download from https://github.com/realm/SwiftLint\"\nfi\nif which swiftformat >/dev/null; then\nswiftformat . --commas false --self insert\nelse\necho \"warning: SwiftFormat not installed, download from https://github.com/nicklockwood/SwiftFormat\"\nfi";
		};
		4A62CB5863EDACE05E92A639 /* [CP] Embed Pods Frameworks */ = {
			isa = PBXShellScriptBuildPhase;
			buildActionMask = 2147483647;
			files = (
			);
			inputPaths = (
				"${SRCROOT}/Pods/Target Support Files/Pods-POSClient/Pods-POSClient-frameworks.sh",
				"${BUILT_PRODUCTS_DIR}/Alamofire/Alamofire.framework",
				"${BUILT_PRODUCTS_DIR}/BigInt/BigInt.framework",
				"${BUILT_PRODUCTS_DIR}/KeychainSwift/KeychainSwift.framework",
				"${BUILT_PRODUCTS_DIR}/MBProgressHUD/MBProgressHUD.framework",
				"${BUILT_PRODUCTS_DIR}/OmiseGO/OmiseGO.framework",
				"${BUILT_PRODUCTS_DIR}/SipHash/SipHash.framework",
				"${BUILT_PRODUCTS_DIR}/SkyFloatingLabelTextField/SkyFloatingLabelTextField.framework",
				"${BUILT_PRODUCTS_DIR}/Starscream/Starscream.framework",
				"${BUILT_PRODUCTS_DIR}/TPKeyboardAvoiding/TPKeyboardAvoiding.framework",
				"${BUILT_PRODUCTS_DIR}/Toaster/Toaster.framework",
			);
			name = "[CP] Embed Pods Frameworks";
			outputPaths = (
				"${TARGET_BUILD_DIR}/${FRAMEWORKS_FOLDER_PATH}/Alamofire.framework",
				"${TARGET_BUILD_DIR}/${FRAMEWORKS_FOLDER_PATH}/BigInt.framework",
				"${TARGET_BUILD_DIR}/${FRAMEWORKS_FOLDER_PATH}/KeychainSwift.framework",
				"${TARGET_BUILD_DIR}/${FRAMEWORKS_FOLDER_PATH}/MBProgressHUD.framework",
				"${TARGET_BUILD_DIR}/${FRAMEWORKS_FOLDER_PATH}/OmiseGO.framework",
				"${TARGET_BUILD_DIR}/${FRAMEWORKS_FOLDER_PATH}/SipHash.framework",
				"${TARGET_BUILD_DIR}/${FRAMEWORKS_FOLDER_PATH}/SkyFloatingLabelTextField.framework",
				"${TARGET_BUILD_DIR}/${FRAMEWORKS_FOLDER_PATH}/Starscream.framework",
				"${TARGET_BUILD_DIR}/${FRAMEWORKS_FOLDER_PATH}/TPKeyboardAvoiding.framework",
				"${TARGET_BUILD_DIR}/${FRAMEWORKS_FOLDER_PATH}/Toaster.framework",
			);
			runOnlyForDeploymentPostprocessing = 0;
			shellPath = /bin/sh;
			shellScript = "\"${SRCROOT}/Pods/Target Support Files/Pods-POSClient/Pods-POSClient-frameworks.sh\"\n";
			showEnvVarsInLog = 0;
		};
		4C7270502E9ED82126C18D2C /* [CP] Check Pods Manifest.lock */ = {
			isa = PBXShellScriptBuildPhase;
			buildActionMask = 2147483647;
			files = (
			);
			inputPaths = (
				"${PODS_PODFILE_DIR_PATH}/Podfile.lock",
				"${PODS_ROOT}/Manifest.lock",
			);
			name = "[CP] Check Pods Manifest.lock";
			outputPaths = (
				"$(DERIVED_FILE_DIR)/Pods-POSClientTests-checkManifestLockResult.txt",
			);
			runOnlyForDeploymentPostprocessing = 0;
			shellPath = /bin/sh;
			shellScript = "diff \"${PODS_PODFILE_DIR_PATH}/Podfile.lock\" \"${PODS_ROOT}/Manifest.lock\" > /dev/null\nif [ $? != 0 ] ; then\n    # print error to STDERR\n    echo \"error: The sandbox is not in sync with the Podfile.lock. Run 'pod install' or update your CocoaPods installation.\" >&2\n    exit 1\nfi\n# This output is used by Xcode 'outputs' to avoid re-running this script phase.\necho \"SUCCESS\" > \"${SCRIPT_OUTPUT_FILE_0}\"\n";
			showEnvVarsInLog = 0;
		};
		D4466B4D0B9D3BAC0165A870 /* [CP] Check Pods Manifest.lock */ = {
			isa = PBXShellScriptBuildPhase;
			buildActionMask = 2147483647;
			files = (
			);
			inputPaths = (
				"${PODS_PODFILE_DIR_PATH}/Podfile.lock",
				"${PODS_ROOT}/Manifest.lock",
			);
			name = "[CP] Check Pods Manifest.lock";
			outputPaths = (
				"$(DERIVED_FILE_DIR)/Pods-POSClient-checkManifestLockResult.txt",
			);
			runOnlyForDeploymentPostprocessing = 0;
			shellPath = /bin/sh;
			shellScript = "diff \"${PODS_PODFILE_DIR_PATH}/Podfile.lock\" \"${PODS_ROOT}/Manifest.lock\" > /dev/null\nif [ $? != 0 ] ; then\n    # print error to STDERR\n    echo \"error: The sandbox is not in sync with the Podfile.lock. Run 'pod install' or update your CocoaPods installation.\" >&2\n    exit 1\nfi\n# This output is used by Xcode 'outputs' to avoid re-running this script phase.\necho \"SUCCESS\" > \"${SCRIPT_OUTPUT_FILE_0}\"\n";
			showEnvVarsInLog = 0;
		};
/* End PBXShellScriptBuildPhase section */

/* Begin PBXSourcesBuildPhase section */
		033A639E2123E02800A2D08B /* Sources */ = {
			isa = PBXSourcesBuildPhase;
			buildActionMask = 2147483647;
			files = (
				03C2A6692126A12E00267E7F /* POSClientError.swift in Sources */,
				03C2A66E2126B7F600267E7F /* POSClientManager.swift in Sources */,
				03C2A67D2126BFD500267E7F /* LoadingViewController.swift in Sources */,
				033A63A62123E02800A2D08B /* AppDelegate.swift in Sources */,
				03C2A67B2126BFBD00267E7F /* LoadingViewModel.swift in Sources */,
				03C2A66121269C2300267E7F /* Theme.swift in Sources */,
				03C2A66321269CDF00267E7F /* Constant.swift in Sources */,
				03C2A65921269AA500267E7F /* BaseViewController.swift in Sources */,
				03C2A66021269C2300267E7F /* Extension.swift in Sources */,
				03C2A6852126C0F200267E7F /* MainViewController.swift in Sources */,
				03C2A65521269A9D00267E7F /* BaseViewModel.swift in Sources */,
				03C2A65F21269C2300267E7F /* CustomView.swift in Sources */,
				03C2A65A21269AA500267E7F /* LoginViewController.swift in Sources */,
				03C2A65621269A9D00267E7F /* LoginViewModel.swift in Sources */,
				03C2A66C2126A25100267E7F /* SessionManager.swift in Sources */,
			);
			runOnlyForDeploymentPostprocessing = 0;
		};
		033A63B22123E02C00A2D08B /* Sources */ = {
			isa = PBXSourcesBuildPhase;
			buildActionMask = 2147483647;
			files = (
				033A63BB2123E02C00A2D08B /* POSClientTests.swift in Sources */,
			);
			runOnlyForDeploymentPostprocessing = 0;
		};
/* End PBXSourcesBuildPhase section */

/* Begin PBXTargetDependency section */
		033A63B82123E02C00A2D08B /* PBXTargetDependency */ = {
			isa = PBXTargetDependency;
			target = 033A63A12123E02800A2D08B /* POSClient */;
			targetProxy = 033A63B72123E02C00A2D08B /* PBXContainerItemProxy */;
		};
/* End PBXTargetDependency section */

/* Begin PBXVariantGroup section */
		033A63C62123E2CB00A2D08B /* LaunchScreen.storyboard */ = {
			isa = PBXVariantGroup;
			children = (
				033A63C72123E2CB00A2D08B /* Base */,
			);
			name = LaunchScreen.storyboard;
			sourceTree = "<group>";
		};
		03C2A64E2126971F00267E7F /* Login.storyboard */ = {
			isa = PBXVariantGroup;
			children = (
				03C2A64F2126971F00267E7F /* Base */,
			);
			name = Login.storyboard;
			sourceTree = "<group>";
		};
		03C2A67E2126C0B100267E7F /* Main.storyboard */ = {
			isa = PBXVariantGroup;
			children = (
				03C2A67F2126C0B100267E7F /* Base */,
			);
			name = Main.storyboard;
			sourceTree = "<group>";
		};
		03C2A6812126C0BD00267E7F /* Loading.storyboard */ = {
			isa = PBXVariantGroup;
			children = (
				03C2A6822126C0BD00267E7F /* Base */,
			);
			name = Loading.storyboard;
			sourceTree = "<group>";
		};
		03C2A6862126C36500267E7F /* Localizable.strings */ = {
			isa = PBXVariantGroup;
			children = (
				03C2A6872126C36500267E7F /* Base */,
			);
			name = Localizable.strings;
			sourceTree = "<group>";
		};
/* End PBXVariantGroup section */

/* Begin XCBuildConfiguration section */
		033A63BD2123E02C00A2D08B /* Debug */ = {
			isa = XCBuildConfiguration;
			buildSettings = {
				ALWAYS_SEARCH_USER_PATHS = NO;
				CLANG_ANALYZER_NONNULL = YES;
				CLANG_ANALYZER_NUMBER_OBJECT_CONVERSION = YES_AGGRESSIVE;
				CLANG_CXX_LANGUAGE_STANDARD = "gnu++14";
				CLANG_CXX_LIBRARY = "libc++";
				CLANG_ENABLE_MODULES = YES;
				CLANG_ENABLE_OBJC_ARC = YES;
				CLANG_ENABLE_OBJC_WEAK = YES;
				CLANG_WARN_BLOCK_CAPTURE_AUTORELEASING = YES;
				CLANG_WARN_BOOL_CONVERSION = YES;
				CLANG_WARN_COMMA = YES;
				CLANG_WARN_CONSTANT_CONVERSION = YES;
				CLANG_WARN_DEPRECATED_OBJC_IMPLEMENTATIONS = YES;
				CLANG_WARN_DIRECT_OBJC_ISA_USAGE = YES_ERROR;
				CLANG_WARN_DOCUMENTATION_COMMENTS = YES;
				CLANG_WARN_EMPTY_BODY = YES;
				CLANG_WARN_ENUM_CONVERSION = YES;
				CLANG_WARN_INFINITE_RECURSION = YES;
				CLANG_WARN_INT_CONVERSION = YES;
				CLANG_WARN_NON_LITERAL_NULL_CONVERSION = YES;
				CLANG_WARN_OBJC_IMPLICIT_RETAIN_SELF = YES;
				CLANG_WARN_OBJC_LITERAL_CONVERSION = YES;
				CLANG_WARN_OBJC_ROOT_CLASS = YES_ERROR;
				CLANG_WARN_RANGE_LOOP_ANALYSIS = YES;
				CLANG_WARN_STRICT_PROTOTYPES = YES;
				CLANG_WARN_SUSPICIOUS_MOVE = YES;
				CLANG_WARN_UNGUARDED_AVAILABILITY = YES_AGGRESSIVE;
				CLANG_WARN_UNREACHABLE_CODE = YES;
				CLANG_WARN__DUPLICATE_METHOD_MATCH = YES;
				CODE_SIGN_IDENTITY = "iPhone Developer";
				COPY_PHASE_STRIP = NO;
				DEBUG_INFORMATION_FORMAT = dwarf;
				ENABLE_STRICT_OBJC_MSGSEND = YES;
				ENABLE_TESTABILITY = YES;
				GCC_C_LANGUAGE_STANDARD = gnu11;
				GCC_DYNAMIC_NO_PIC = NO;
				GCC_NO_COMMON_BLOCKS = YES;
				GCC_OPTIMIZATION_LEVEL = 0;
				GCC_PREPROCESSOR_DEFINITIONS = (
					"DEBUG=1",
					"$(inherited)",
				);
				GCC_WARN_64_TO_32_BIT_CONVERSION = YES;
				GCC_WARN_ABOUT_RETURN_TYPE = YES_ERROR;
				GCC_WARN_UNDECLARED_SELECTOR = YES;
				GCC_WARN_UNINITIALIZED_AUTOS = YES_AGGRESSIVE;
				GCC_WARN_UNUSED_FUNCTION = YES;
				GCC_WARN_UNUSED_VARIABLE = YES;
				IPHONEOS_DEPLOYMENT_TARGET = 11.4;
				MTL_ENABLE_DEBUG_INFO = YES;
				ONLY_ACTIVE_ARCH = YES;
				SDKROOT = iphoneos;
				SWIFT_ACTIVE_COMPILATION_CONDITIONS = DEBUG;
				SWIFT_OPTIMIZATION_LEVEL = "-Onone";
			};
			name = Debug;
		};
		033A63BE2123E02C00A2D08B /* Release */ = {
			isa = XCBuildConfiguration;
			buildSettings = {
				ALWAYS_SEARCH_USER_PATHS = NO;
				CLANG_ANALYZER_NONNULL = YES;
				CLANG_ANALYZER_NUMBER_OBJECT_CONVERSION = YES_AGGRESSIVE;
				CLANG_CXX_LANGUAGE_STANDARD = "gnu++14";
				CLANG_CXX_LIBRARY = "libc++";
				CLANG_ENABLE_MODULES = YES;
				CLANG_ENABLE_OBJC_ARC = YES;
				CLANG_ENABLE_OBJC_WEAK = YES;
				CLANG_WARN_BLOCK_CAPTURE_AUTORELEASING = YES;
				CLANG_WARN_BOOL_CONVERSION = YES;
				CLANG_WARN_COMMA = YES;
				CLANG_WARN_CONSTANT_CONVERSION = YES;
				CLANG_WARN_DEPRECATED_OBJC_IMPLEMENTATIONS = YES;
				CLANG_WARN_DIRECT_OBJC_ISA_USAGE = YES_ERROR;
				CLANG_WARN_DOCUMENTATION_COMMENTS = YES;
				CLANG_WARN_EMPTY_BODY = YES;
				CLANG_WARN_ENUM_CONVERSION = YES;
				CLANG_WARN_INFINITE_RECURSION = YES;
				CLANG_WARN_INT_CONVERSION = YES;
				CLANG_WARN_NON_LITERAL_NULL_CONVERSION = YES;
				CLANG_WARN_OBJC_IMPLICIT_RETAIN_SELF = YES;
				CLANG_WARN_OBJC_LITERAL_CONVERSION = YES;
				CLANG_WARN_OBJC_ROOT_CLASS = YES_ERROR;
				CLANG_WARN_RANGE_LOOP_ANALYSIS = YES;
				CLANG_WARN_STRICT_PROTOTYPES = YES;
				CLANG_WARN_SUSPICIOUS_MOVE = YES;
				CLANG_WARN_UNGUARDED_AVAILABILITY = YES_AGGRESSIVE;
				CLANG_WARN_UNREACHABLE_CODE = YES;
				CLANG_WARN__DUPLICATE_METHOD_MATCH = YES;
				CODE_SIGN_IDENTITY = "iPhone Developer";
				COPY_PHASE_STRIP = NO;
				DEBUG_INFORMATION_FORMAT = "dwarf-with-dsym";
				ENABLE_NS_ASSERTIONS = NO;
				ENABLE_STRICT_OBJC_MSGSEND = YES;
				GCC_C_LANGUAGE_STANDARD = gnu11;
				GCC_NO_COMMON_BLOCKS = YES;
				GCC_WARN_64_TO_32_BIT_CONVERSION = YES;
				GCC_WARN_ABOUT_RETURN_TYPE = YES_ERROR;
				GCC_WARN_UNDECLARED_SELECTOR = YES;
				GCC_WARN_UNINITIALIZED_AUTOS = YES_AGGRESSIVE;
				GCC_WARN_UNUSED_FUNCTION = YES;
				GCC_WARN_UNUSED_VARIABLE = YES;
				IPHONEOS_DEPLOYMENT_TARGET = 11.4;
				MTL_ENABLE_DEBUG_INFO = NO;
				SDKROOT = iphoneos;
				SWIFT_COMPILATION_MODE = wholemodule;
				SWIFT_OPTIMIZATION_LEVEL = "-O";
				VALIDATE_PRODUCT = YES;
			};
			name = Release;
		};
		033A63C02123E02C00A2D08B /* Debug */ = {
			isa = XCBuildConfiguration;
			baseConfigurationReference = 2DBD3DE3387D7ECEBF01D9CA /* Pods-POSClient.debug.xcconfig */;
			buildSettings = {
				ASSETCATALOG_COMPILER_APPICON_NAME = AppIcon;
				CODE_SIGN_STYLE = Automatic;
				INFOPLIST_FILE = "$(SRCROOT)/POSClient/Info.plist";
				LD_RUNPATH_SEARCH_PATHS = (
					"$(inherited)",
					"@executable_path/Frameworks",
				);
				PRODUCT_BUNDLE_IDENTIFIER = com.omisego.POSClient;
				PRODUCT_NAME = "$(TARGET_NAME)";
				SWIFT_VERSION = 4.0;
				TARGETED_DEVICE_FAMILY = 1;
			};
			name = Debug;
		};
		033A63C12123E02C00A2D08B /* Release */ = {
			isa = XCBuildConfiguration;
			baseConfigurationReference = 7EEF31A6920B3245B8084DFE /* Pods-POSClient.release.xcconfig */;
			buildSettings = {
				ASSETCATALOG_COMPILER_APPICON_NAME = AppIcon;
				CODE_SIGN_STYLE = Automatic;
				INFOPLIST_FILE = "$(SRCROOT)/POSClient/Info.plist";
				LD_RUNPATH_SEARCH_PATHS = (
					"$(inherited)",
					"@executable_path/Frameworks",
				);
				PRODUCT_BUNDLE_IDENTIFIER = com.omisego.POSClient;
				PRODUCT_NAME = "$(TARGET_NAME)";
				SWIFT_VERSION = 4.0;
				TARGETED_DEVICE_FAMILY = 1;
			};
			name = Release;
		};
		033A63C32123E02C00A2D08B /* Debug */ = {
			isa = XCBuildConfiguration;
			baseConfigurationReference = 8A7F26391BB5B765ADACB11F /* Pods-POSClientTests.debug.xcconfig */;
			buildSettings = {
				ALWAYS_EMBED_SWIFT_STANDARD_LIBRARIES = YES;
				BUNDLE_LOADER = "$(TEST_HOST)";
				CODE_SIGN_STYLE = Automatic;
				INFOPLIST_FILE = POSClientTests/Info.plist;
				LD_RUNPATH_SEARCH_PATHS = (
					"$(inherited)",
					"@executable_path/Frameworks",
					"@loader_path/Frameworks",
				);
				PRODUCT_BUNDLE_IDENTIFIER = com.omisego.POSClientTests;
				PRODUCT_NAME = "$(TARGET_NAME)";
				SWIFT_VERSION = 4.0;
				TARGETED_DEVICE_FAMILY = "1,2";
				TEST_HOST = "$(BUILT_PRODUCTS_DIR)/POSClient.app/POSClient";
			};
			name = Debug;
		};
		033A63C42123E02C00A2D08B /* Release */ = {
			isa = XCBuildConfiguration;
			baseConfigurationReference = 1AFBE851E5E6123AFC830E08 /* Pods-POSClientTests.release.xcconfig */;
			buildSettings = {
				ALWAYS_EMBED_SWIFT_STANDARD_LIBRARIES = YES;
				BUNDLE_LOADER = "$(TEST_HOST)";
				CODE_SIGN_STYLE = Automatic;
				INFOPLIST_FILE = POSClientTests/Info.plist;
				LD_RUNPATH_SEARCH_PATHS = (
					"$(inherited)",
					"@executable_path/Frameworks",
					"@loader_path/Frameworks",
				);
				PRODUCT_BUNDLE_IDENTIFIER = com.omisego.POSClientTests;
				PRODUCT_NAME = "$(TARGET_NAME)";
				SWIFT_VERSION = 4.0;
				TARGETED_DEVICE_FAMILY = "1,2";
				TEST_HOST = "$(BUILT_PRODUCTS_DIR)/POSClient.app/POSClient";
			};
			name = Release;
		};
/* End XCBuildConfiguration section */

/* Begin XCConfigurationList section */
		033A639D2123E02800A2D08B /* Build configuration list for PBXProject "POSClient" */ = {
			isa = XCConfigurationList;
			buildConfigurations = (
				033A63BD2123E02C00A2D08B /* Debug */,
				033A63BE2123E02C00A2D08B /* Release */,
			);
			defaultConfigurationIsVisible = 0;
			defaultConfigurationName = Release;
		};
		033A63BF2123E02C00A2D08B /* Build configuration list for PBXNativeTarget "POSClient" */ = {
			isa = XCConfigurationList;
			buildConfigurations = (
				033A63C02123E02C00A2D08B /* Debug */,
				033A63C12123E02C00A2D08B /* Release */,
			);
			defaultConfigurationIsVisible = 0;
			defaultConfigurationName = Release;
		};
		033A63C22123E02C00A2D08B /* Build configuration list for PBXNativeTarget "POSClientTests" */ = {
			isa = XCConfigurationList;
			buildConfigurations = (
				033A63C32123E02C00A2D08B /* Debug */,
				033A63C42123E02C00A2D08B /* Release */,
			);
			defaultConfigurationIsVisible = 0;
			defaultConfigurationName = Release;
		};
/* End XCConfigurationList section */
	};
	rootObject = 033A639A2123E02800A2D08B /* Project object */;
}
